
Microsoft Visual Studio Solution File, Format Version 12.00
# Visual Studio Version 16
VisualStudioVersion = 16.0.33130.400
MinimumVisualStudioVersion = 10.0.40219.1
Project("{8BC9CEB8-8B4A-11D0-8D11-00A0C91BC942}") = "First", "Chapter02\First\First.vcxproj", "{36467C6D-B443-42D7-8D87-FB7125581CDE}"
EndProject
Project("{8BC9CEB8-8B4A-11D0-8D11-00A0C91BC942}") = "DrawText", "Chapter03\DrawText\DrawText.vcxproj", "{2DB5F7C7-8BDA-49DD-B127-B408D1776D1D}"
EndProject
Project("{8BC9CEB8-8B4A-11D0-8D11-00A0C91BC942}") = "TextOut", "Chapter03\TextOut\TextOut.vcxproj", "{7DB3B7FF-B2A1-4C4F-88AC-A1564997C57E}"
EndProject
Project("{8BC9CEB8-8B4A-11D0-8D11-00A0C91BC942}") = "MessageBox", "Chapter03\MessageBox\MessageBox.vcxproj", "{11BC55E5-A087-4B80-921F-D025D5E057B5}"
EndProject
Project("{8BC9CEB8-8B4A-11D0-8D11-00A0C91BC942}") = "GraphOut", "Chapter03\GraphOut\GraphOut.vcxproj", "{D1788EA6-3351-4CFE-8D88-F86CCA9009D4}"
EndProject
Project("{8BC9CEB8-8B4A-11D0-8D11-00A0C91BC942}") = "Callback", "Chapter04\Callback\Callback.vcxproj", "{8D3A78E6-9A51-42A1-A77D-DF067B9A2496}"
EndProject
Project("{8BC9CEB8-8B4A-11D0-8D11-00A0C91BC942}") = "Client", "Chapter04\Client\Client.vcxproj", "{DE31093A-A91F-4092-A815-754CFC5986DE}"
EndProject
Project("{8BC9CEB8-8B4A-11D0-8D11-00A0C91BC942}") = "Key", "Chapter04\Key\Key.vcxproj", "{0F791B5F-9E59-4B59-B569-F4BBC6342919}"
EndProject
Project("{8BC9CEB8-8B4A-11D0-8D11-00A0C91BC942}") = "KeyDown", "Chapter04\KeyDown\KeyDown.vcxproj", "{74822898-5B3A-4076-8E19-EEFC324E0D89}"
EndProject
Project("{8BC9CEB8-8B4A-11D0-8D11-00A0C91BC942}") = "Mouse", "Chapter04\Mouse\Mouse.vcxproj", "{25B4CAB1-FB63-494B-BCC7-250D8B5ADD5C}"
EndProject
Project("{8BC9CEB8-8B4A-11D0-8D11-00A0C91BC942}") = "MyTimer", "Chapter04\MyTimer\MyTimer.vcxproj", "{DB391FD4-CF98-4AA1-9FE4-640D4E905892}"
EndProject
Project("{8BC9CEB8-8B4A-11D0-8D11-00A0C91BC942}") = "OnceTimer", "Chapter04\OnceTimer\OnceTimer.vcxproj", "{AF5DF723-7669-4AA2-A3EF-997DC73CB36B}"
EndProject
Project("{8BC9CEB8-8B4A-11D0-8D11-00A0C91BC942}") = "RandGrp", "Chapter04\RandGrp\RandGrp.vcxproj", "{F5CA831D-58A5-47F7-8CBA-4E18D7897D8E}"
EndProject
Project("{8BC9CEB8-8B4A-11D0-8D11-00A0C91BC942}") = "TwoTimer", "Chapter04\TwoTimer\TwoTimer.vcxproj", "{141A9BA0-B9B4-4FDF-AEFB-4B941405C651}"
EndProject
Project("{8BC9CEB8-8B4A-11D0-8D11-00A0C91BC942}") = "WmCreate", "Chapter04\WmCreate\WmCreate.vcxproj", "{6B6CA882-8C12-4167-AE99-F986A71B4B5D}"
EndProject
Project("{8BC9CEB8-8B4A-11D0-8D11-00A0C91BC942}") = "WmSize", "Chapter04\WmSize\WmSize.vcxproj", "{AABE67AF-789B-4B06-912B-160CC87017C3}"
EndProject
Project("{2150E333-8FDC-42A3-9474-1A3956D46DE8}") = "Solution Items", "Solution Items", "{285DD245-AAD9-4C78-B28E-6BABCA1CE98C}"
	ProjectSection(SolutionItems) = preProject
		ApiStart.txt = ApiStart.txt
	EndProjectSection
EndProject
Project("{8BC9CEB8-8B4A-11D0-8D11-00A0C91BC942}") = "StrTable", "Chapter05\StrTable\StrTable.vcxproj", "{D0CB5D34-18CB-44C4-9821-5BC16872931B}"
EndProject
Project("{8BC9CEB8-8B4A-11D0-8D11-00A0C91BC942}") = "Accelerator", "Chapter05\Accelerator\Accelerator.vcxproj", "{69988850-375F-4ABE-BE14-5F375526207E}"
EndProject
Project("{8BC9CEB8-8B4A-11D0-8D11-00A0C91BC942}") = "Menu", "Chapter05\Menu\Menu.vcxproj", "{8C01BAC7-B44E-4E06-A663-A67D66E01874}"
EndProject
Project("{8BC9CEB8-8B4A-11D0-8D11-00A0C91BC942}") = "Bitmap", "Chapter06\Bitmap\Bitmap.vcxproj", "{E17848F1-DB07-4F0D-BEAB-815062D1DB1D}"
EndProject
Project("{8BC9CEB8-8B4A-11D0-8D11-00A0C91BC942}") = "BkMode", "Chapter06\BkMode\BkMode.vcxproj", "{3E31E4F8-8E7A-462A-B900-9AA454FEDF81}"
EndProject
Project("{8BC9CEB8-8B4A-11D0-8D11-00A0C91BC942}") = "DrawBitmap", "Chapter06\DrawBitmap\DrawBitmap.vcxproj", "{E97B12A0-5F3E-46F9-8672-C551E45C36F0}"
EndProject
Project("{8BC9CEB8-8B4A-11D0-8D11-00A0C91BC942}") = "Font", "Chapter06\Font\Font.vcxproj", "{98541D5C-18F7-4074-BF67-93270D4F555F}"
EndProject
Project("{8BC9CEB8-8B4A-11D0-8D11-00A0C91BC942}") = "Font2", "Chapter06\Font2\Font2.vcxproj", "{288F1031-F366-477E-AC53-BEA9D04C0A3A}"
EndProject
Project("{8BC9CEB8-8B4A-11D0-8D11-00A0C91BC942}") = "GDIObject", "Chapter06\GDIObject\GDIObject.vcxproj", "{CC78491C-1DC8-499B-9651-AF0473CEDB83}"
EndProject
Project("{8BC9CEB8-8B4A-11D0-8D11-00A0C91BC942}") = "OldObject", "Chapter06\OldObject\OldObject.vcxproj", "{98F02471-E78F-42D1-A6FE-B9E0B18676DE}"
EndProject
Project("{8BC9CEB8-8B4A-11D0-8D11-00A0C91BC942}") = "RopMode", "Chapter06\RopMode\RopMode.vcxproj", "{9247C0D7-23C1-49F1-89AE-8B4F926A3112}"
EndProject
Project("{8BC9CEB8-8B4A-11D0-8D11-00A0C91BC942}") = "TestRot", "Chapter06\TestRot\TestRot.vcxproj", "{06587168-2077-446F-81A6-7DEB14184500}"
EndProject
Project("{8BC9CEB8-8B4A-11D0-8D11-00A0C91BC942}") = "TransObject", "Chapter06\TransObject\TransObject.vcxproj", "{59C38243-32D4-4703-9BD9-FCF554890B56}"
EndProject
Project("{8BC9CEB8-8B4A-11D0-8D11-00A0C91BC942}") = "Button", "Chapter07\Button\Button.vcxproj", "{524B25C8-F143-452D-B509-5022B2E8256D}"
EndProject
Project("{8BC9CEB8-8B4A-11D0-8D11-00A0C91BC942}") = "Check", "Chapter07\Check\Check.vcxproj", "{BE896341-7743-4A20-96DC-0CEBE84928EF}"
EndProject
Project("{8BC9CEB8-8B4A-11D0-8D11-00A0C91BC942}") = "ComboBox", "Chapter07\ComboBox\ComboBox.vcxproj", "{E32D4A2E-8023-4440-A6B7-9B875B7D2B4B}"
EndProject
Project("{8BC9CEB8-8B4A-11D0-8D11-00A0C91BC942}") = "Edit", "Chapter07\Edit\Edit.vcxproj", "{24F963D4-12CA-4555-81E0-FDB145DEB60F}"
EndProject
Project("{8BC9CEB8-8B4A-11D0-8D11-00A0C91BC942}") = "EditWnd", "Chapter07\EditWnd\EditWnd.vcxproj", "{1580E500-14B9-41D2-BDD3-06C3B44748FB}"
EndProject
Project("{8BC9CEB8-8B4A-11D0-8D11-00A0C91BC942}") = "ListBox", "Chapter07\ListBox\ListBox.vcxproj", "{5F9CD360-9A1C-48FB-899B-1491EE13DE15}"
EndProject
Project("{8BC9CEB8-8B4A-11D0-8D11-00A0C91BC942}") = "Radio", "Chapter07\Radio\Radio.vcxproj", "{0C485457-FC75-415D-9D04-101F68C7F882}"
EndProject
Project("{8BC9CEB8-8B4A-11D0-8D11-00A0C91BC942}") = "ScrollBar", "Chapter07\ScrollBar\ScrollBar.vcxproj", "{5FB159D6-6E27-4A38-8334-EA26696A1777}"
EndProject
Project("{8BC9CEB8-8B4A-11D0-8D11-00A0C91BC942}") = "Static", "Chapter07\Static\Static.vcxproj", "{3D06D627-B0B9-4C90-A389-DE35ADECC7AD}"
EndProject
Global
	GlobalSection(SolutionConfigurationPlatforms) = preSolution
		Debug|x64 = Debug|x64
		Debug|x86 = Debug|x86
		Release|x64 = Release|x64
		Release|x86 = Release|x86
	EndGlobalSection
	GlobalSection(ProjectConfigurationPlatforms) = postSolution
		{36467C6D-B443-42D7-8D87-FB7125581CDE}.Debug|x64.ActiveCfg = Debug|x64
		{36467C6D-B443-42D7-8D87-FB7125581CDE}.Debug|x64.Build.0 = Debug|x64
		{36467C6D-B443-42D7-8D87-FB7125581CDE}.Debug|x86.ActiveCfg = Debug|Win32
		{36467C6D-B443-42D7-8D87-FB7125581CDE}.Debug|x86.Build.0 = Debug|Win32
		{36467C6D-B443-42D7-8D87-FB7125581CDE}.Release|x64.ActiveCfg = Release|x64
		{36467C6D-B443-42D7-8D87-FB7125581CDE}.Release|x64.Build.0 = Release|x64
		{36467C6D-B443-42D7-8D87-FB7125581CDE}.Release|x86.ActiveCfg = Release|Win32
		{36467C6D-B443-42D7-8D87-FB7125581CDE}.Release|x86.Build.0 = Release|Win32
		{2DB5F7C7-8BDA-49DD-B127-B408D1776D1D}.Debug|x64.ActiveCfg = Debug|x64
		{2DB5F7C7-8BDA-49DD-B127-B408D1776D1D}.Debug|x64.Build.0 = Debug|x64
		{2DB5F7C7-8BDA-49DD-B127-B408D1776D1D}.Debug|x86.ActiveCfg = Debug|Win32
		{2DB5F7C7-8BDA-49DD-B127-B408D1776D1D}.Debug|x86.Build.0 = Debug|Win32
		{2DB5F7C7-8BDA-49DD-B127-B408D1776D1D}.Release|x64.ActiveCfg = Release|x64
		{2DB5F7C7-8BDA-49DD-B127-B408D1776D1D}.Release|x64.Build.0 = Release|x64
		{2DB5F7C7-8BDA-49DD-B127-B408D1776D1D}.Release|x86.ActiveCfg = Release|Win32
		{2DB5F7C7-8BDA-49DD-B127-B408D1776D1D}.Release|x86.Build.0 = Release|Win32
		{7DB3B7FF-B2A1-4C4F-88AC-A1564997C57E}.Debug|x64.ActiveCfg = Debug|x64
		{7DB3B7FF-B2A1-4C4F-88AC-A1564997C57E}.Debug|x64.Build.0 = Debug|x64
		{7DB3B7FF-B2A1-4C4F-88AC-A1564997C57E}.Debug|x86.ActiveCfg = Debug|Win32
		{7DB3B7FF-B2A1-4C4F-88AC-A1564997C57E}.Debug|x86.Build.0 = Debug|Win32
		{7DB3B7FF-B2A1-4C4F-88AC-A1564997C57E}.Release|x64.ActiveCfg = Release|x64
		{7DB3B7FF-B2A1-4C4F-88AC-A1564997C57E}.Release|x64.Build.0 = Release|x64
		{7DB3B7FF-B2A1-4C4F-88AC-A1564997C57E}.Release|x86.ActiveCfg = Release|Win32
		{7DB3B7FF-B2A1-4C4F-88AC-A1564997C57E}.Release|x86.Build.0 = Release|Win32
		{11BC55E5-A087-4B80-921F-D025D5E057B5}.Debug|x64.ActiveCfg = Debug|x64
		{11BC55E5-A087-4B80-921F-D025D5E057B5}.Debug|x64.Build.0 = Debug|x64
		{11BC55E5-A087-4B80-921F-D025D5E057B5}.Debug|x86.ActiveCfg = Debug|Win32
		{11BC55E5-A087-4B80-921F-D025D5E057B5}.Debug|x86.Build.0 = Debug|Win32
		{11BC55E5-A087-4B80-921F-D025D5E057B5}.Release|x64.ActiveCfg = Release|x64
		{11BC55E5-A087-4B80-921F-D025D5E057B5}.Release|x64.Build.0 = Release|x64
		{11BC55E5-A087-4B80-921F-D025D5E057B5}.Release|x86.ActiveCfg = Release|Win32
		{11BC55E5-A087-4B80-921F-D025D5E057B5}.Release|x86.Build.0 = Release|Win32
		{D1788EA6-3351-4CFE-8D88-F86CCA9009D4}.Debug|x64.ActiveCfg = Debug|x64
		{D1788EA6-3351-4CFE-8D88-F86CCA9009D4}.Debug|x64.Build.0 = Debug|x64
		{D1788EA6-3351-4CFE-8D88-F86CCA9009D4}.Debug|x86.ActiveCfg = Debug|Win32
		{D1788EA6-3351-4CFE-8D88-F86CCA9009D4}.Debug|x86.Build.0 = Debug|Win32
		{D1788EA6-3351-4CFE-8D88-F86CCA9009D4}.Release|x64.ActiveCfg = Release|x64
		{D1788EA6-3351-4CFE-8D88-F86CCA9009D4}.Release|x64.Build.0 = Release|x64
		{D1788EA6-3351-4CFE-8D88-F86CCA9009D4}.Release|x86.ActiveCfg = Release|Win32
		{D1788EA6-3351-4CFE-8D88-F86CCA9009D4}.Release|x86.Build.0 = Release|Win32
		{8D3A78E6-9A51-42A1-A77D-DF067B9A2496}.Debug|x64.ActiveCfg = Debug|x64
		{8D3A78E6-9A51-42A1-A77D-DF067B9A2496}.Debug|x64.Build.0 = Debug|x64
		{8D3A78E6-9A51-42A1-A77D-DF067B9A2496}.Debug|x86.ActiveCfg = Debug|Win32
		{8D3A78E6-9A51-42A1-A77D-DF067B9A2496}.Debug|x86.Build.0 = Debug|Win32
		{8D3A78E6-9A51-42A1-A77D-DF067B9A2496}.Release|x64.ActiveCfg = Release|x64
		{8D3A78E6-9A51-42A1-A77D-DF067B9A2496}.Release|x64.Build.0 = Release|x64
		{8D3A78E6-9A51-42A1-A77D-DF067B9A2496}.Release|x86.ActiveCfg = Release|Win32
		{8D3A78E6-9A51-42A1-A77D-DF067B9A2496}.Release|x86.Build.0 = Release|Win32
		{DE31093A-A91F-4092-A815-754CFC5986DE}.Debug|x64.ActiveCfg = Debug|x64
		{DE31093A-A91F-4092-A815-754CFC5986DE}.Debug|x64.Build.0 = Debug|x64
		{DE31093A-A91F-4092-A815-754CFC5986DE}.Debug|x86.ActiveCfg = Debug|Win32
		{DE31093A-A91F-4092-A815-754CFC5986DE}.Debug|x86.Build.0 = Debug|Win32
		{DE31093A-A91F-4092-A815-754CFC5986DE}.Release|x64.ActiveCfg = Release|x64
		{DE31093A-A91F-4092-A815-754CFC5986DE}.Release|x64.Build.0 = Release|x64
		{DE31093A-A91F-4092-A815-754CFC5986DE}.Release|x86.ActiveCfg = Release|Win32
		{DE31093A-A91F-4092-A815-754CFC5986DE}.Release|x86.Build.0 = Release|Win32
		{0F791B5F-9E59-4B59-B569-F4BBC6342919}.Debug|x64.ActiveCfg = Debug|x64
		{0F791B5F-9E59-4B59-B569-F4BBC6342919}.Debug|x64.Build.0 = Debug|x64
		{0F791B5F-9E59-4B59-B569-F4BBC6342919}.Debug|x86.ActiveCfg = Debug|Win32
		{0F791B5F-9E59-4B59-B569-F4BBC6342919}.Debug|x86.Build.0 = Debug|Win32
		{0F791B5F-9E59-4B59-B569-F4BBC6342919}.Release|x64.ActiveCfg = Release|x64
		{0F791B5F-9E59-4B59-B569-F4BBC6342919}.Release|x64.Build.0 = Release|x64
		{0F791B5F-9E59-4B59-B569-F4BBC6342919}.Release|x86.ActiveCfg = Release|Win32
		{0F791B5F-9E59-4B59-B569-F4BBC6342919}.Release|x86.Build.0 = Release|Win32
		{74822898-5B3A-4076-8E19-EEFC324E0D89}.Debug|x64.ActiveCfg = Debug|x64
		{74822898-5B3A-4076-8E19-EEFC324E0D89}.Debug|x64.Build.0 = Debug|x64
		{74822898-5B3A-4076-8E19-EEFC324E0D89}.Debug|x86.ActiveCfg = Debug|Win32
		{74822898-5B3A-4076-8E19-EEFC324E0D89}.Debug|x86.Build.0 = Debug|Win32
		{74822898-5B3A-4076-8E19-EEFC324E0D89}.Release|x64.ActiveCfg = Release|x64
		{74822898-5B3A-4076-8E19-EEFC324E0D89}.Release|x64.Build.0 = Release|x64
		{74822898-5B3A-4076-8E19-EEFC324E0D89}.Release|x86.ActiveCfg = Release|Win32
		{74822898-5B3A-4076-8E19-EEFC324E0D89}.Release|x86.Build.0 = Release|Win32
		{25B4CAB1-FB63-494B-BCC7-250D8B5ADD5C}.Debug|x64.ActiveCfg = Debug|x64
		{25B4CAB1-FB63-494B-BCC7-250D8B5ADD5C}.Debug|x64.Build.0 = Debug|x64
		{25B4CAB1-FB63-494B-BCC7-250D8B5ADD5C}.Debug|x86.ActiveCfg = Debug|Win32
		{25B4CAB1-FB63-494B-BCC7-250D8B5ADD5C}.Debug|x86.Build.0 = Debug|Win32
		{25B4CAB1-FB63-494B-BCC7-250D8B5ADD5C}.Release|x64.ActiveCfg = Release|x64
		{25B4CAB1-FB63-494B-BCC7-250D8B5ADD5C}.Release|x64.Build.0 = Release|x64
		{25B4CAB1-FB63-494B-BCC7-250D8B5ADD5C}.Release|x86.ActiveCfg = Release|Win32
		{25B4CAB1-FB63-494B-BCC7-250D8B5ADD5C}.Release|x86.Build.0 = Release|Win32
		{DB391FD4-CF98-4AA1-9FE4-640D4E905892}.Debug|x64.ActiveCfg = Debug|x64
		{DB391FD4-CF98-4AA1-9FE4-640D4E905892}.Debug|x64.Build.0 = Debug|x64
		{DB391FD4-CF98-4AA1-9FE4-640D4E905892}.Debug|x86.ActiveCfg = Debug|Win32
		{DB391FD4-CF98-4AA1-9FE4-640D4E905892}.Debug|x86.Build.0 = Debug|Win32
		{DB391FD4-CF98-4AA1-9FE4-640D4E905892}.Release|x64.ActiveCfg = Release|x64
		{DB391FD4-CF98-4AA1-9FE4-640D4E905892}.Release|x64.Build.0 = Release|x64
		{DB391FD4-CF98-4AA1-9FE4-640D4E905892}.Release|x86.ActiveCfg = Release|Win32
		{DB391FD4-CF98-4AA1-9FE4-640D4E905892}.Release|x86.Build.0 = Release|Win32
		{AF5DF723-7669-4AA2-A3EF-997DC73CB36B}.Debug|x64.ActiveCfg = Debug|x64
		{AF5DF723-7669-4AA2-A3EF-997DC73CB36B}.Debug|x64.Build.0 = Debug|x64
		{AF5DF723-7669-4AA2-A3EF-997DC73CB36B}.Debug|x86.ActiveCfg = Debug|Win32
		{AF5DF723-7669-4AA2-A3EF-997DC73CB36B}.Debug|x86.Build.0 = Debug|Win32
		{AF5DF723-7669-4AA2-A3EF-997DC73CB36B}.Release|x64.ActiveCfg = Release|x64
		{AF5DF723-7669-4AA2-A3EF-997DC73CB36B}.Release|x64.Build.0 = Release|x64
		{AF5DF723-7669-4AA2-A3EF-997DC73CB36B}.Release|x86.ActiveCfg = Release|Win32
		{AF5DF723-7669-4AA2-A3EF-997DC73CB36B}.Release|x86.Build.0 = Release|Win32
		{F5CA831D-58A5-47F7-8CBA-4E18D7897D8E}.Debug|x64.ActiveCfg = Debug|x64
		{F5CA831D-58A5-47F7-8CBA-4E18D7897D8E}.Debug|x64.Build.0 = Debug|x64
		{F5CA831D-58A5-47F7-8CBA-4E18D7897D8E}.Debug|x86.ActiveCfg = Debug|Win32
		{F5CA831D-58A5-47F7-8CBA-4E18D7897D8E}.Debug|x86.Build.0 = Debug|Win32
		{F5CA831D-58A5-47F7-8CBA-4E18D7897D8E}.Release|x64.ActiveCfg = Release|x64
		{F5CA831D-58A5-47F7-8CBA-4E18D7897D8E}.Release|x64.Build.0 = Release|x64
		{F5CA831D-58A5-47F7-8CBA-4E18D7897D8E}.Release|x86.ActiveCfg = Release|Win32
		{F5CA831D-58A5-47F7-8CBA-4E18D7897D8E}.Release|x86.Build.0 = Release|Win32
		{141A9BA0-B9B4-4FDF-AEFB-4B941405C651}.Debug|x64.ActiveCfg = Debug|x64
		{141A9BA0-B9B4-4FDF-AEFB-4B941405C651}.Debug|x64.Build.0 = Debug|x64
		{141A9BA0-B9B4-4FDF-AEFB-4B941405C651}.Debug|x86.ActiveCfg = Debug|Win32
		{141A9BA0-B9B4-4FDF-AEFB-4B941405C651}.Debug|x86.Build.0 = Debug|Win32
		{141A9BA0-B9B4-4FDF-AEFB-4B941405C651}.Release|x64.ActiveCfg = Release|x64
		{141A9BA0-B9B4-4FDF-AEFB-4B941405C651}.Release|x64.Build.0 = Release|x64
		{141A9BA0-B9B4-4FDF-AEFB-4B941405C651}.Release|x86.ActiveCfg = Release|Win32
		{141A9BA0-B9B4-4FDF-AEFB-4B941405C651}.Release|x86.Build.0 = Release|Win32
		{6B6CA882-8C12-4167-AE99-F986A71B4B5D}.Debug|x64.ActiveCfg = Debug|x64
		{6B6CA882-8C12-4167-AE99-F986A71B4B5D}.Debug|x64.Build.0 = Debug|x64
		{6B6CA882-8C12-4167-AE99-F986A71B4B5D}.Debug|x86.ActiveCfg = Debug|Win32
		{6B6CA882-8C12-4167-AE99-F986A71B4B5D}.Debug|x86.Build.0 = Debug|Win32
		{6B6CA882-8C12-4167-AE99-F986A71B4B5D}.Release|x64.ActiveCfg = Release|x64
		{6B6CA882-8C12-4167-AE99-F986A71B4B5D}.Release|x64.Build.0 = Release|x64
		{6B6CA882-8C12-4167-AE99-F986A71B4B5D}.Release|x86.ActiveCfg = Release|Win32
		{6B6CA882-8C12-4167-AE99-F986A71B4B5D}.Release|x86.Build.0 = Release|Win32
		{AABE67AF-789B-4B06-912B-160CC87017C3}.Debug|x64.ActiveCfg = Debug|x64
		{AABE67AF-789B-4B06-912B-160CC87017C3}.Debug|x64.Build.0 = Debug|x64
		{AABE67AF-789B-4B06-912B-160CC87017C3}.Debug|x86.ActiveCfg = Debug|Win32
		{AABE67AF-789B-4B06-912B-160CC87017C3}.Debug|x86.Build.0 = Debug|Win32
		{AABE67AF-789B-4B06-912B-160CC87017C3}.Release|x64.ActiveCfg = Release|x64
		{AABE67AF-789B-4B06-912B-160CC87017C3}.Release|x64.Build.0 = Release|x64
		{AABE67AF-789B-4B06-912B-160CC87017C3}.Release|x86.ActiveCfg = Release|Win32
		{AABE67AF-789B-4B06-912B-160CC87017C3}.Release|x86.Build.0 = Release|Win32
		{D0CB5D34-18CB-44C4-9821-5BC16872931B}.Debug|x64.ActiveCfg = Debug|x64
		{D0CB5D34-18CB-44C4-9821-5BC16872931B}.Debug|x64.Build.0 = Debug|x64
		{D0CB5D34-18CB-44C4-9821-5BC16872931B}.Debug|x86.ActiveCfg = Debug|Win32
		{D0CB5D34-18CB-44C4-9821-5BC16872931B}.Debug|x86.Build.0 = Debug|Win32
		{D0CB5D34-18CB-44C4-9821-5BC16872931B}.Release|x64.ActiveCfg = Release|x64
		{D0CB5D34-18CB-44C4-9821-5BC16872931B}.Release|x64.Build.0 = Release|x64
		{D0CB5D34-18CB-44C4-9821-5BC16872931B}.Release|x86.ActiveCfg = Release|Win32
		{D0CB5D34-18CB-44C4-9821-5BC16872931B}.Release|x86.Build.0 = Release|Win32
		{69988850-375F-4ABE-BE14-5F375526207E}.Debug|x64.ActiveCfg = Debug|x64
		{69988850-375F-4ABE-BE14-5F375526207E}.Debug|x64.Build.0 = Debug|x64
		{69988850-375F-4ABE-BE14-5F375526207E}.Debug|x86.ActiveCfg = Debug|Win32
		{69988850-375F-4ABE-BE14-5F375526207E}.Debug|x86.Build.0 = Debug|Win32
		{69988850-375F-4ABE-BE14-5F375526207E}.Release|x64.ActiveCfg = Release|x64
		{69988850-375F-4ABE-BE14-5F375526207E}.Release|x64.Build.0 = Release|x64
		{69988850-375F-4ABE-BE14-5F375526207E}.Release|x86.ActiveCfg = Release|Win32
		{69988850-375F-4ABE-BE14-5F375526207E}.Release|x86.Build.0 = Release|Win32
		{8C01BAC7-B44E-4E06-A663-A67D66E01874}.Debug|x64.ActiveCfg = Debug|x64
		{8C01BAC7-B44E-4E06-A663-A67D66E01874}.Debug|x64.Build.0 = Debug|x64
		{8C01BAC7-B44E-4E06-A663-A67D66E01874}.Debug|x86.ActiveCfg = Debug|Win32
		{8C01BAC7-B44E-4E06-A663-A67D66E01874}.Debug|x86.Build.0 = Debug|Win32
		{8C01BAC7-B44E-4E06-A663-A67D66E01874}.Release|x64.ActiveCfg = Release|x64
		{8C01BAC7-B44E-4E06-A663-A67D66E01874}.Release|x64.Build.0 = Release|x64
		{8C01BAC7-B44E-4E06-A663-A67D66E01874}.Release|x86.ActiveCfg = Release|Win32
		{8C01BAC7-B44E-4E06-A663-A67D66E01874}.Release|x86.Build.0 = Release|Win32
		{E17848F1-DB07-4F0D-BEAB-815062D1DB1D}.Debug|x64.ActiveCfg = Debug|x64
		{E17848F1-DB07-4F0D-BEAB-815062D1DB1D}.Debug|x64.Build.0 = Debug|x64
		{E17848F1-DB07-4F0D-BEAB-815062D1DB1D}.Debug|x86.ActiveCfg = Debug|Win32
		{E17848F1-DB07-4F0D-BEAB-815062D1DB1D}.Debug|x86.Build.0 = Debug|Win32
		{E17848F1-DB07-4F0D-BEAB-815062D1DB1D}.Release|x64.ActiveCfg = Release|x64
		{E17848F1-DB07-4F0D-BEAB-815062D1DB1D}.Release|x64.Build.0 = Release|x64
		{E17848F1-DB07-4F0D-BEAB-815062D1DB1D}.Release|x86.ActiveCfg = Release|Win32
		{E17848F1-DB07-4F0D-BEAB-815062D1DB1D}.Release|x86.Build.0 = Release|Win32
		{3E31E4F8-8E7A-462A-B900-9AA454FEDF81}.Debug|x64.ActiveCfg = Debug|x64
		{3E31E4F8-8E7A-462A-B900-9AA454FEDF81}.Debug|x64.Build.0 = Debug|x64
		{3E31E4F8-8E7A-462A-B900-9AA454FEDF81}.Debug|x86.ActiveCfg = Debug|Win32
		{3E31E4F8-8E7A-462A-B900-9AA454FEDF81}.Debug|x86.Build.0 = Debug|Win32
		{3E31E4F8-8E7A-462A-B900-9AA454FEDF81}.Release|x64.ActiveCfg = Release|x64
		{3E31E4F8-8E7A-462A-B900-9AA454FEDF81}.Release|x64.Build.0 = Release|x64
		{3E31E4F8-8E7A-462A-B900-9AA454FEDF81}.Release|x86.ActiveCfg = Release|Win32
		{3E31E4F8-8E7A-462A-B900-9AA454FEDF81}.Release|x86.Build.0 = Release|Win32
		{E97B12A0-5F3E-46F9-8672-C551E45C36F0}.Debug|x64.ActiveCfg = Debug|x64
		{E97B12A0-5F3E-46F9-8672-C551E45C36F0}.Debug|x64.Build.0 = Debug|x64
		{E97B12A0-5F3E-46F9-8672-C551E45C36F0}.Debug|x86.ActiveCfg = Debug|Win32
		{E97B12A0-5F3E-46F9-8672-C551E45C36F0}.Debug|x86.Build.0 = Debug|Win32
		{E97B12A0-5F3E-46F9-8672-C551E45C36F0}.Release|x64.ActiveCfg = Release|x64
		{E97B12A0-5F3E-46F9-8672-C551E45C36F0}.Release|x64.Build.0 = Release|x64
		{E97B12A0-5F3E-46F9-8672-C551E45C36F0}.Release|x86.ActiveCfg = Release|Win32
		{E97B12A0-5F3E-46F9-8672-C551E45C36F0}.Release|x86.Build.0 = Release|Win32
		{98541D5C-18F7-4074-BF67-93270D4F555F}.Debug|x64.ActiveCfg = Debug|x64
		{98541D5C-18F7-4074-BF67-93270D4F555F}.Debug|x64.Build.0 = Debug|x64
		{98541D5C-18F7-4074-BF67-93270D4F555F}.Debug|x86.ActiveCfg = Debug|Win32
		{98541D5C-18F7-4074-BF67-93270D4F555F}.Debug|x86.Build.0 = Debug|Win32
		{98541D5C-18F7-4074-BF67-93270D4F555F}.Release|x64.ActiveCfg = Release|x64
		{98541D5C-18F7-4074-BF67-93270D4F555F}.Release|x64.Build.0 = Release|x64
		{98541D5C-18F7-4074-BF67-93270D4F555F}.Release|x86.ActiveCfg = Release|Win32
		{98541D5C-18F7-4074-BF67-93270D4F555F}.Release|x86.Build.0 = Release|Win32
		{288F1031-F366-477E-AC53-BEA9D04C0A3A}.Debug|x64.ActiveCfg = Debug|x64
		{288F1031-F366-477E-AC53-BEA9D04C0A3A}.Debug|x64.Build.0 = Debug|x64
		{288F1031-F366-477E-AC53-BEA9D04C0A3A}.Debug|x86.ActiveCfg = Debug|Win32
		{288F1031-F366-477E-AC53-BEA9D04C0A3A}.Debug|x86.Build.0 = Debug|Win32
		{288F1031-F366-477E-AC53-BEA9D04C0A3A}.Release|x64.ActiveCfg = Release|x64
		{288F1031-F366-477E-AC53-BEA9D04C0A3A}.Release|x64.Build.0 = Release|x64
		{288F1031-F366-477E-AC53-BEA9D04C0A3A}.Release|x86.ActiveCfg = Release|Win32
		{288F1031-F366-477E-AC53-BEA9D04C0A3A}.Release|x86.Build.0 = Release|Win32
		{CC78491C-1DC8-499B-9651-AF0473CEDB83}.Debug|x64.ActiveCfg = Debug|x64
		{CC78491C-1DC8-499B-9651-AF0473CEDB83}.Debug|x64.Build.0 = Debug|x64
		{CC78491C-1DC8-499B-9651-AF0473CEDB83}.Debug|x86.ActiveCfg = Debug|Win32
		{CC78491C-1DC8-499B-9651-AF0473CEDB83}.Debug|x86.Build.0 = Debug|Win32
		{CC78491C-1DC8-499B-9651-AF0473CEDB83}.Release|x64.ActiveCfg = Release|x64
		{CC78491C-1DC8-499B-9651-AF0473CEDB83}.Release|x64.Build.0 = Release|x64
		{CC78491C-1DC8-499B-9651-AF0473CEDB83}.Release|x86.ActiveCfg = Release|Win32
		{CC78491C-1DC8-499B-9651-AF0473CEDB83}.Release|x86.Build.0 = Release|Win32
		{98F02471-E78F-42D1-A6FE-B9E0B18676DE}.Debug|x64.ActiveCfg = Debug|x64
		{98F02471-E78F-42D1-A6FE-B9E0B18676DE}.Debug|x64.Build.0 = Debug|x64
		{98F02471-E78F-42D1-A6FE-B9E0B18676DE}.Debug|x86.ActiveCfg = Debug|Win32
		{98F02471-E78F-42D1-A6FE-B9E0B18676DE}.Debug|x86.Build.0 = Debug|Win32
		{98F02471-E78F-42D1-A6FE-B9E0B18676DE}.Release|x64.ActiveCfg = Release|x64
		{98F02471-E78F-42D1-A6FE-B9E0B18676DE}.Release|x64.Build.0 = Release|x64
		{98F02471-E78F-42D1-A6FE-B9E0B18676DE}.Release|x86.ActiveCfg = Release|Win32
		{98F02471-E78F-42D1-A6FE-B9E0B18676DE}.Release|x86.Build.0 = Release|Win32
		{9247C0D7-23C1-49F1-89AE-8B4F926A3112}.Debug|x64.ActiveCfg = Debug|x64
		{9247C0D7-23C1-49F1-89AE-8B4F926A3112}.Debug|x64.Build.0 = Debug|x64
		{9247C0D7-23C1-49F1-89AE-8B4F926A3112}.Debug|x86.ActiveCfg = Debug|Win32
		{9247C0D7-23C1-49F1-89AE-8B4F926A3112}.Debug|x86.Build.0 = Debug|Win32
		{9247C0D7-23C1-49F1-89AE-8B4F926A3112}.Release|x64.ActiveCfg = Release|x64
		{9247C0D7-23C1-49F1-89AE-8B4F926A3112}.Release|x64.Build.0 = Release|x64
		{9247C0D7-23C1-49F1-89AE-8B4F926A3112}.Release|x86.ActiveCfg = Release|Win32
		{9247C0D7-23C1-49F1-89AE-8B4F926A3112}.Release|x86.Build.0 = Release|Win32
		{06587168-2077-446F-81A6-7DEB14184500}.Debug|x64.ActiveCfg = Debug|x64
		{06587168-2077-446F-81A6-7DEB14184500}.Debug|x64.Build.0 = Debug|x64
		{06587168-2077-446F-81A6-7DEB14184500}.Debug|x86.ActiveCfg = Debug|Win32
		{06587168-2077-446F-81A6-7DEB14184500}.Debug|x86.Build.0 = Debug|Win32
		{06587168-2077-446F-81A6-7DEB14184500}.Release|x64.ActiveCfg = Release|x64
		{06587168-2077-446F-81A6-7DEB14184500}.Release|x64.Build.0 = Release|x64
		{06587168-2077-446F-81A6-7DEB14184500}.Release|x86.ActiveCfg = Release|Win32
		{06587168-2077-446F-81A6-7DEB14184500}.Release|x86.Build.0 = Release|Win32
		{59C38243-32D4-4703-9BD9-FCF554890B56}.Debug|x64.ActiveCfg = Debug|x64
		{59C38243-32D4-4703-9BD9-FCF554890B56}.Debug|x64.Build.0 = Debug|x64
		{59C38243-32D4-4703-9BD9-FCF554890B56}.Debug|x86.ActiveCfg = Debug|Win32
		{59C38243-32D4-4703-9BD9-FCF554890B56}.Debug|x86.Build.0 = Debug|Win32
		{59C38243-32D4-4703-9BD9-FCF554890B56}.Release|x64.ActiveCfg = Release|x64
		{59C38243-32D4-4703-9BD9-FCF554890B56}.Release|x64.Build.0 = Release|x64
		{59C38243-32D4-4703-9BD9-FCF554890B56}.Release|x86.ActiveCfg = Release|Win32
		{59C38243-32D4-4703-9BD9-FCF554890B56}.Release|x86.Build.0 = Release|Win32
		{524B25C8-F143-452D-B509-5022B2E8256D}.Debug|x64.ActiveCfg = Debug|x64
		{524B25C8-F143-452D-B509-5022B2E8256D}.Debug|x64.Build.0 = Debug|x64
		{524B25C8-F143-452D-B509-5022B2E8256D}.Debug|x86.ActiveCfg = Debug|Win32
		{524B25C8-F143-452D-B509-5022B2E8256D}.Debug|x86.Build.0 = Debug|Win32
		{524B25C8-F143-452D-B509-5022B2E8256D}.Release|x64.ActiveCfg = Release|x64
		{524B25C8-F143-452D-B509-5022B2E8256D}.Release|x64.Build.0 = Release|x64
		{524B25C8-F143-452D-B509-5022B2E8256D}.Release|x86.ActiveCfg = Release|Win32
		{524B25C8-F143-452D-B509-5022B2E8256D}.Release|x86.Build.0 = Release|Win32
		{BE896341-7743-4A20-96DC-0CEBE84928EF}.Debug|x64.ActiveCfg = Debug|x64
		{BE896341-7743-4A20-96DC-0CEBE84928EF}.Debug|x64.Build.0 = Debug|x64
		{BE896341-7743-4A20-96DC-0CEBE84928EF}.Debug|x86.ActiveCfg = Debug|Win32
		{BE896341-7743-4A20-96DC-0CEBE84928EF}.Debug|x86.Build.0 = Debug|Win32
		{BE896341-7743-4A20-96DC-0CEBE84928EF}.Release|x64.ActiveCfg = Release|x64
		{BE896341-7743-4A20-96DC-0CEBE84928EF}.Release|x64.Build.0 = Release|x64
		{BE896341-7743-4A20-96DC-0CEBE84928EF}.Release|x86.ActiveCfg = Release|Win32
		{BE896341-7743-4A20-96DC-0CEBE84928EF}.Release|x86.Build.0 = Release|Win32
		{E32D4A2E-8023-4440-A6B7-9B875B7D2B4B}.Debug|x64.ActiveCfg = Debug|x64
		{E32D4A2E-8023-4440-A6B7-9B875B7D2B4B}.Debug|x64.Build.0 = Debug|x64
		{E32D4A2E-8023-4440-A6B7-9B875B7D2B4B}.Debug|x86.ActiveCfg = Debug|Win32
		{E32D4A2E-8023-4440-A6B7-9B875B7D2B4B}.Debug|x86.Build.0 = Debug|Win32
		{E32D4A2E-8023-4440-A6B7-9B875B7D2B4B}.Release|x64.ActiveCfg = Release|x64
		{E32D4A2E-8023-4440-A6B7-9B875B7D2B4B}.Release|x64.Build.0 = Release|x64
		{E32D4A2E-8023-4440-A6B7-9B875B7D2B4B}.Release|x86.ActiveCfg = Release|Win32
		{E32D4A2E-8023-4440-A6B7-9B875B7D2B4B}.Release|x86.Build.0 = Release|Win32
		{24F963D4-12CA-4555-81E0-FDB145DEB60F}.Debug|x64.ActiveCfg = Debug|x64
		{24F963D4-12CA-4555-81E0-FDB145DEB60F}.Debug|x64.Build.0 = Debug|x64
		{24F963D4-12CA-4555-81E0-FDB145DEB60F}.Debug|x86.ActiveCfg = Debug|Win32
		{24F963D4-12CA-4555-81E0-FDB145DEB60F}.Debug|x86.Build.0 = Debug|Win32
		{24F963D4-12CA-4555-81E0-FDB145DEB60F}.Release|x64.ActiveCfg = Release|x64
		{24F963D4-12CA-4555-81E0-FDB145DEB60F}.Release|x64.Build.0 = Release|x64
		{24F963D4-12CA-4555-81E0-FDB145DEB60F}.Release|x86.ActiveCfg = Release|Win32
		{24F963D4-12CA-4555-81E0-FDB145DEB60F}.Release|x86.Build.0 = Release|Win32
		{1580E500-14B9-41D2-BDD3-06C3B44748FB}.Debug|x64.ActiveCfg = Debug|x64
		{1580E500-14B9-41D2-BDD3-06C3B44748FB}.Debug|x64.Build.0 = Debug|x64
		{1580E500-14B9-41D2-BDD3-06C3B44748FB}.Debug|x86.ActiveCfg = Debug|Win32
		{1580E500-14B9-41D2-BDD3-06C3B44748FB}.Debug|x86.Build.0 = Debug|Win32
		{1580E500-14B9-41D2-BDD3-06C3B44748FB}.Release|x64.ActiveCfg = Release|x64
		{1580E500-14B9-41D2-BDD3-06C3B44748FB}.Release|x64.Build.0 = Release|x64
		{1580E500-14B9-41D2-BDD3-06C3B44748FB}.Release|x86.ActiveCfg = Release|Win32
		{1580E500-14B9-41D2-BDD3-06C3B44748FB}.Release|x86.Build.0 = Release|Win32
		{5F9CD360-9A1C-48FB-899B-1491EE13DE15}.Debug|x64.ActiveCfg = Debug|x64
		{5F9CD360-9A1C-48FB-899B-1491EE13DE15}.Debug|x64.Build.0 = Debug|x64
		{5F9CD360-9A1C-48FB-899B-1491EE13DE15}.Debug|x86.ActiveCfg = Debug|Win32
		{5F9CD360-9A1C-48FB-899B-1491EE13DE15}.Debug|x86.Build.0 = Debug|Win32
		{5F9CD360-9A1C-48FB-899B-1491EE13DE15}.Release|x64.ActiveCfg = Release|x64
		{5F9CD360-9A1C-48FB-899B-1491EE13DE15}.Release|x64.Build.0 = Release|x64
		{5F9CD360-9A1C-48FB-899B-1491EE13DE15}.Release|x86.ActiveCfg = Release|Win32
		{5F9CD360-9A1C-48FB-899B-1491EE13DE15}.Release|x86.Build.0 = Release|Win32
		{0C485457-FC75-415D-9D04-101F68C7F882}.Debug|x64.ActiveCfg = Debug|x64
		{0C485457-FC75-415D-9D04-101F68C7F882}.Debug|x64.Build.0 = Debug|x64
		{0C485457-FC75-415D-9D04-101F68C7F882}.Debug|x86.ActiveCfg = Debug|Win32
		{0C485457-FC75-415D-9D04-101F68C7F882}.Debug|x86.Build.0 = Debug|Win32
		{0C485457-FC75-415D-9D04-101F68C7F882}.Release|x64.ActiveCfg = Release|x64
		{0C485457-FC75-415D-9D04-101F68C7F882}.Release|x64.Build.0 = Release|x64
		{0C485457-FC75-415D-9D04-101F68C7F882}.Release|x86.ActiveCfg = Release|Win32
		{0C485457-FC75-415D-9D04-101F68C7F882}.Release|x86.Build.0 = Release|Win32
		{5FB159D6-6E27-4A38-8334-EA26696A1777}.Debug|x64.ActiveCfg = Debug|x64
		{5FB159D6-6E27-4A38-8334-EA26696A1777}.Debug|x64.Build.0 = Debug|x64
		{5FB159D6-6E27-4A38-8334-EA26696A1777}.Debug|x86.ActiveCfg = Debug|Win32
		{5FB159D6-6E27-4A38-8334-EA26696A1777}.Debug|x86.Build.0 = Debug|Win32
		{5FB159D6-6E27-4A38-8334-EA26696A1777}.Release|x64.ActiveCfg = Release|x64
		{5FB159D6-6E27-4A38-8334-EA26696A1777}.Release|x64.Build.0 = Release|x64
		{5FB159D6-6E27-4A38-8334-EA26696A1777}.Release|x86.ActiveCfg = Release|Win32
		{5FB159D6-6E27-4A38-8334-EA26696A1777}.Release|x86.Build.0 = Release|Win32
		{3D06D627-B0B9-4C90-A389-DE35ADECC7AD}.Debug|x64.ActiveCfg = Debug|x64
		{3D06D627-B0B9-4C90-A389-DE35ADECC7AD}.Debug|x64.Build.0 = Debug|x64
		{3D06D627-B0B9-4C90-A389-DE35ADECC7AD}.Debug|x86.ActiveCfg = Debug|Win32
		{3D06D627-B0B9-4C90-A389-DE35ADECC7AD}.Debug|x86.Build.0 = Debug|Win32
		{3D06D627-B0B9-4C90-A389-DE35ADECC7AD}.Release|x64.ActiveCfg = Release|x64
		{3D06D627-B0B9-4C90-A389-DE35ADECC7AD}.Release|x64.Build.0 = Release|x64
		{3D06D627-B0B9-4C90-A389-DE35ADECC7AD}.Release|x86.ActiveCfg = Release|Win32
		{3D06D627-B0B9-4C90-A389-DE35ADECC7AD}.Release|x86.Build.0 = Release|Win32
	EndGlobalSection
	GlobalSection(SolutionProperties) = preSolution
		HideSolutionNode = FALSE
	EndGlobalSection
	GlobalSection(ExtensibilityGlobals) = postSolution
		SolutionGuid = {728E08C1-3FB2-4D93-836D-EC4787A8B0C3}
	EndGlobalSection
EndGlobal
