
Microsoft Visual Studio Solution File, Format Version 12.00
# Visual Studio Version 16
VisualStudioVersion = 16.0.33130.400
MinimumVisualStudioVersion = 10.0.40219.1
Project("{8BC9CEB8-8B4A-11D0-8D11-00A0C91BC942}") = "First", "Chapter02\First\First.vcxproj", "{36467C6D-B443-42D7-8D87-FB7125581CDE}"
EndProject
Project("{8BC9CEB8-8B4A-11D0-8D11-00A0C91BC942}") = "DrawText", "Chapter03\DrawText\DrawText.vcxproj", "{2DB5F7C7-8BDA-49DD-B127-B408D1776D1D}"
EndProject
Project("{8BC9CEB8-8B4A-11D0-8D11-00A0C91BC942}") = "TextOut", "Chapter03\TextOut\TextOut.vcxproj", "{7DB3B7FF-B2A1-4C4F-88AC-A1564997C57E}"
EndProject
Project("{8BC9CEB8-8B4A-11D0-8D11-00A0C91BC942}") = "MessageBox", "Chapter03\MessageBox\MessageBox.vcxproj", "{11BC55E5-A087-4B80-921F-D025D5E057B5}"
EndProject
Project("{8BC9CEB8-8B4A-11D0-8D11-00A0C91BC942}") = "GraphOut", "Chapter03\GraphOut\GraphOut.vcxproj", "{D1788EA6-3351-4CFE-8D88-F86CCA9009D4}"
EndProject
Project("{8BC9CEB8-8B4A-11D0-8D11-00A0C91BC942}") = "Callback", "Chapter04\Callback\Callback.vcxproj", "{8D3A78E6-9A51-42A1-A77D-DF067B9A2496}"
EndProject
Project("{8BC9CEB8-8B4A-11D0-8D11-00A0C91BC942}") = "Client", "Chapter04\Client\Client.vcxproj", "{DE31093A-A91F-4092-A815-754CFC5986DE}"
EndProject
Project("{8BC9CEB8-8B4A-11D0-8D11-00A0C91BC942}") = "Key", "Chapter04\Key\Key.vcxproj", "{0F791B5F-9E59-4B59-B569-F4BBC6342919}"
EndProject
Project("{8BC9CEB8-8B4A-11D0-8D11-00A0C91BC942}") = "KeyDown", "Chapter04\KeyDown\KeyDown.vcxproj", "{74822898-5B3A-4076-8E19-EEFC324E0D89}"
EndProject
Project("{8BC9CEB8-8B4A-11D0-8D11-00A0C91BC942}") = "Mouse", "Chapter04\Mouse\Mouse.vcxproj", "{25B4CAB1-FB63-494B-BCC7-250D8B5ADD5C}"
EndProject
Project("{8BC9CEB8-8B4A-11D0-8D11-00A0C91BC942}") = "MyTimer", "Chapter04\MyTimer\MyTimer.vcxproj", "{DB391FD4-CF98-4AA1-9FE4-640D4E905892}"
EndProject
Project("{8BC9CEB8-8B4A-11D0-8D11-00A0C91BC942}") = "OnceTimer", "Chapter04\OnceTimer\OnceTimer.vcxproj", "{AF5DF723-7669-4AA2-A3EF-997DC73CB36B}"
EndProject
Project("{8BC9CEB8-8B4A-11D0-8D11-00A0C91BC942}") = "RandGrp", "Chapter04\RandGrp\RandGrp.vcxproj", "{F5CA831D-58A5-47F7-8CBA-4E18D7897D8E}"
EndProject
Project("{8BC9CEB8-8B4A-11D0-8D11-00A0C91BC942}") = "TwoTimer", "Chapter04\TwoTimer\TwoTimer.vcxproj", "{141A9BA0-B9B4-4FDF-AEFB-4B941405C651}"
EndProject
Project("{8BC9CEB8-8B4A-11D0-8D11-00A0C91BC942}") = "WmCreate", "Chapter04\WmCreate\WmCreate.vcxproj", "{6B6CA882-8C12-4167-AE99-F986A71B4B5D}"
EndProject
Project("{8BC9CEB8-8B4A-11D0-8D11-00A0C91BC942}") = "WmSize", "Chapter04\WmSize\WmSize.vcxproj", "{AABE67AF-789B-4B06-912B-160CC87017C3}"
EndProject
Project("{2150E333-8FDC-42A3-9474-1A3956D46DE8}") = "Solution Items", "Solution Items", "{285DD245-AAD9-4C78-B28E-6BABCA1CE98C}"
	ProjectSection(SolutionItems) = preProject
		ApiStart.txt = ApiStart.txt
		Chapter10\Document_10.txt = Chapter10\Document_10.txt
		Chapter11\Document_11.txt = Chapter11\Document_11.txt
		Chapter12\Document_12-1.txt = Chapter12\Document_12-1.txt
		Chapter12\Document_12-2.txt = Chapter12\Document_12-2.txt
		Chapter12\Document_12-3.txt = Chapter12\Document_12-3.txt
		Chapter13\Document_13-1.txt = Chapter13\Document_13-1.txt
		Chapter13\Document_13-2.txt = Chapter13\Document_13-2.txt
		Chapter13\Document_13-3.txt = Chapter13\Document_13-3.txt
		Chapter13\Document_13-4.txt = Chapter13\Document_13-4.txt
		Chapter13\Document_13-5.txt = Chapter13\Document_13-5.txt
		Chapter03\Document_3.txt = Chapter03\Document_3.txt
		Chapter04\Document_4.txt = Chapter04\Document_4.txt
		Chapter05\Document_5.txt = Chapter05\Document_5.txt
		Chapter06\Document_6.txt = Chapter06\Document_6.txt
		Chapter07\Document_7.txt = Chapter07\Document_7.txt
		Chapter08\Document_8.txt = Chapter08\Document_8.txt
		Chapter09\Document_9.txt = Chapter09\Document_9.txt
	EndProjectSection
EndProject
Project("{8BC9CEB8-8B4A-11D0-8D11-00A0C91BC942}") = "StrTable", "Chapter05\StrTable\StrTable.vcxproj", "{D0CB5D34-18CB-44C4-9821-5BC16872931B}"
EndProject
Project("{8BC9CEB8-8B4A-11D0-8D11-00A0C91BC942}") = "Accelerator", "Chapter05\Accelerator\Accelerator.vcxproj", "{69988850-375F-4ABE-BE14-5F375526207E}"
EndProject
Project("{8BC9CEB8-8B4A-11D0-8D11-00A0C91BC942}") = "Menu", "Chapter05\Menu\Menu.vcxproj", "{8C01BAC7-B44E-4E06-A663-A67D66E01874}"
EndProject
Project("{8BC9CEB8-8B4A-11D0-8D11-00A0C91BC942}") = "Bitmap", "Chapter06\Bitmap\Bitmap.vcxproj", "{E17848F1-DB07-4F0D-BEAB-815062D1DB1D}"
EndProject
Project("{8BC9CEB8-8B4A-11D0-8D11-00A0C91BC942}") = "BkMode", "Chapter06\BkMode\BkMode.vcxproj", "{3E31E4F8-8E7A-462A-B900-9AA454FEDF81}"
EndProject
Project("{8BC9CEB8-8B4A-11D0-8D11-00A0C91BC942}") = "DrawBitmap", "Chapter06\DrawBitmap\DrawBitmap.vcxproj", "{E97B12A0-5F3E-46F9-8672-C551E45C36F0}"
EndProject
Project("{8BC9CEB8-8B4A-11D0-8D11-00A0C91BC942}") = "Font", "Chapter06\Font\Font.vcxproj", "{98541D5C-18F7-4074-BF67-93270D4F555F}"
EndProject
Project("{8BC9CEB8-8B4A-11D0-8D11-00A0C91BC942}") = "Font2", "Chapter06\Font2\Font2.vcxproj", "{288F1031-F366-477E-AC53-BEA9D04C0A3A}"
EndProject
Project("{8BC9CEB8-8B4A-11D0-8D11-00A0C91BC942}") = "GDIObject", "Chapter06\GDIObject\GDIObject.vcxproj", "{CC78491C-1DC8-499B-9651-AF0473CEDB83}"
EndProject
Project("{8BC9CEB8-8B4A-11D0-8D11-00A0C91BC942}") = "OldObject", "Chapter06\OldObject\OldObject.vcxproj", "{98F02471-E78F-42D1-A6FE-B9E0B18676DE}"
EndProject
Project("{8BC9CEB8-8B4A-11D0-8D11-00A0C91BC942}") = "RopMode", "Chapter06\RopMode\RopMode.vcxproj", "{9247C0D7-23C1-49F1-89AE-8B4F926A3112}"
EndProject
Project("{8BC9CEB8-8B4A-11D0-8D11-00A0C91BC942}") = "TestRot", "Chapter06\TestRot\TestRot.vcxproj", "{06587168-2077-446F-81A6-7DEB14184500}"
EndProject
Project("{8BC9CEB8-8B4A-11D0-8D11-00A0C91BC942}") = "TransObject", "Chapter06\TransObject\TransObject.vcxproj", "{59C38243-32D4-4703-9BD9-FCF554890B56}"
EndProject
Project("{8BC9CEB8-8B4A-11D0-8D11-00A0C91BC942}") = "Button", "Chapter07\Button\Button.vcxproj", "{524B25C8-F143-452D-B509-5022B2E8256D}"
EndProject
Project("{8BC9CEB8-8B4A-11D0-8D11-00A0C91BC942}") = "Check", "Chapter07\Check\Check.vcxproj", "{BE896341-7743-4A20-96DC-0CEBE84928EF}"
EndProject
Project("{8BC9CEB8-8B4A-11D0-8D11-00A0C91BC942}") = "ComboBox", "Chapter07\ComboBox\ComboBox.vcxproj", "{E32D4A2E-8023-4440-A6B7-9B875B7D2B4B}"
EndProject
Project("{8BC9CEB8-8B4A-11D0-8D11-00A0C91BC942}") = "Edit", "Chapter07\Edit\Edit.vcxproj", "{24F963D4-12CA-4555-81E0-FDB145DEB60F}"
EndProject
Project("{8BC9CEB8-8B4A-11D0-8D11-00A0C91BC942}") = "EditWnd", "Chapter07\EditWnd\EditWnd.vcxproj", "{1580E500-14B9-41D2-BDD3-06C3B44748FB}"
EndProject
Project("{8BC9CEB8-8B4A-11D0-8D11-00A0C91BC942}") = "ListBox", "Chapter07\ListBox\ListBox.vcxproj", "{5F9CD360-9A1C-48FB-899B-1491EE13DE15}"
EndProject
Project("{8BC9CEB8-8B4A-11D0-8D11-00A0C91BC942}") = "Radio", "Chapter07\Radio\Radio.vcxproj", "{0C485457-FC75-415D-9D04-101F68C7F882}"
EndProject
Project("{8BC9CEB8-8B4A-11D0-8D11-00A0C91BC942}") = "ScrollBar", "Chapter07\ScrollBar\ScrollBar.vcxproj", "{5FB159D6-6E27-4A38-8334-EA26696A1777}"
EndProject
Project("{8BC9CEB8-8B4A-11D0-8D11-00A0C91BC942}") = "Static", "Chapter07\Static\Static.vcxproj", "{3D06D627-B0B9-4C90-A389-DE35ADECC7AD}"
EndProject
Project("{8BC9CEB8-8B4A-11D0-8D11-00A0C91BC942}") = "About", "Chapter08\About\About.vcxproj", "{9ED2702D-4E9E-4708-B0B8-B277BCCADA11}"
EndProject
Project("{8BC9CEB8-8B4A-11D0-8D11-00A0C91BC942}") = "DlgBase", "Chapter08\DlgBase\DlgBase.vcxproj", "{F1CBEA6E-59C1-433B-AC25-AD7296DB82D7}"
EndProject
Project("{8BC9CEB8-8B4A-11D0-8D11-00A0C91BC942}") = "DlgCheck", "Chapter08\DlgCheck\DlgCheck.vcxproj", "{337CE15B-C7A7-422C-8CC7-1CD8D6BA269D}"
EndProject
Project("{8BC9CEB8-8B4A-11D0-8D11-00A0C91BC942}") = "InfoDlg", "Chapter08\InfoDlg\InfoDlg.vcxproj", "{D6800248-F5FD-4F3E-ABAE-FD160CE7B09C}"
EndProject
Project("{8BC9CEB8-8B4A-11D0-8D11-00A0C91BC942}") = "Mless", "Chapter08\Mless\Mless.vcxproj", "{728E7E5B-CD0A-445A-96EA-F28C5398C306}"
EndProject
Project("{8BC9CEB8-8B4A-11D0-8D11-00A0C91BC942}") = "ReadingCounter", "Chapter08\ReadingCounter\ReadingCounter.vcxproj", "{3EA7ECF0-61B4-4ABF-94B9-1FFA47446245}"
EndProject
Project("{8BC9CEB8-8B4A-11D0-8D11-00A0C91BC942}") = "Sokoban2", "Chapter09\Sokoban2\Sokoban2.vcxproj", "{F98B614B-6326-4623-BDC0-F54975908469}"
EndProject
Project("{8BC9CEB8-8B4A-11D0-8D11-00A0C91BC942}") = "Sokoban3", "Chapter09\Sokoban3\Sokoban3.vcxproj", "{CD18084A-2C01-4849-B626-53C90AFEB5A1}"
EndProject
Project("{8BC9CEB8-8B4A-11D0-8D11-00A0C91BC942}") = "Tetris3", "Chapter09\Tetris3\Tetris3.vcxproj", "{00E6796D-5A4C-4AC3-BA42-2AB58BB27DBB}"
EndProject
Project("{8BC9CEB8-8B4A-11D0-8D11-00A0C91BC942}") = "Tetris4", "Chapter09\Tetris4\Tetris4.vcxproj", "{235FA074-9391-408C-99E9-8856D032A9E4}"
EndProject
Project("{8BC9CEB8-8B4A-11D0-8D11-00A0C91BC942}") = "Couple2", "Chapter09\Couple2\Couple2.vcxproj", "{9B7E539E-A6E4-41A6-8754-38746632E120}"
EndProject
Project("{8BC9CEB8-8B4A-11D0-8D11-00A0C91BC942}") = "Couple3_child", "Chapter09\Couple3_child\Couple3_child.vcxproj", "{EA4A2E12-50D3-48D7-8CEF-42A2A17279FB}"
EndProject
Project("{8BC9CEB8-8B4A-11D0-8D11-00A0C91BC942}") = "MFCExam", "Chapter10\MFCExam\MFCExam.vcxproj", "{65B63983-2885-4FC0-B101-688DCF108A30}"
EndProject
Project("{8BC9CEB8-8B4A-11D0-8D11-00A0C91BC942}") = "MfcKey", "Chapter10\MfcKey\MfcKey.vcxproj", "{D14D8CFF-48E0-4C2B-960B-C9685B1A48D5}"
EndProject
Project("{8BC9CEB8-8B4A-11D0-8D11-00A0C91BC942}") = "MfcInfoDlg", "Chapter10\MfcInfoDlg\MfcInfoDlg.vcxproj", "{8F958676-7021-4F20-B239-33DD988F080C}"
EndProject
Project("{8BC9CEB8-8B4A-11D0-8D11-00A0C91BC942}") = "Improved_build_speed", "Chapter10\Improved_build_speed\Improved_build_speed.vcxproj", "{6022DB6C-8C35-47BF-96F6-4A468CDC35B1}"
EndProject
Project("{8BC9CEB8-8B4A-11D0-8D11-00A0C91BC942}") = "CsNoClose", "Chapter11\CsNoClose\CsNoClose.vcxproj", "{B886C7AB-7158-4E33-8DC3-ADFC5458BA35}"
EndProject
Project("{8BC9CEB8-8B4A-11D0-8D11-00A0C91BC942}") = "WndClsEx", "Chapter11\WndClsEx\WndClsEx.vcxproj", "{8BBADA04-BF3D-405F-BBCA-849315B3ECBC}"
EndProject
Project("{8BC9CEB8-8B4A-11D0-8D11-00A0C91BC942}") = "ClassLong", "Chapter11\ClassLong\ClassLong.vcxproj", "{15F44406-5066-40BD-A9A5-E5AB24E53A0D}"
EndProject
Project("{8BC9CEB8-8B4A-11D0-8D11-00A0C91BC942}") = "TopMost", "Chapter11\TopMost\TopMost.vcxproj", "{BF9C3058-62DD-4508-AD9A-5A2622F69582}"
EndProject
Project("{8BC9CEB8-8B4A-11D0-8D11-00A0C91BC942}") = "ClientEdge", "Chapter11\ClientEdge\ClientEdge.vcxproj", "{32D73F49-1D20-4F46-AF30-6E45CF5E2B69}"
EndProject
Project("{8BC9CEB8-8B4A-11D0-8D11-00A0C91BC942}") = "WindowLong", "Chapter11\WindowLong\WindowLong.vcxproj", "{CE30783B-F448-4741-BA99-6FEBC1103A27}"
EndProject
Project("{8BC9CEB8-8B4A-11D0-8D11-00A0C91BC942}") = "ChildWnd", "Chapter11\ChildWnd\ChildWnd.vcxproj", "{F5D0CFA0-1F75-4130-8F12-91750C88CAF7}"
EndProject
Project("{8BC9CEB8-8B4A-11D0-8D11-00A0C91BC942}") = "Childs", "Chapter11\Childs\Childs.vcxproj", "{251D9912-D136-4244-87D7-01E0CAE72E21}"
EndProject
Project("{8BC9CEB8-8B4A-11D0-8D11-00A0C91BC942}") = "PopupWnd", "Chapter11\PopupWnd\PopupWnd.vcxproj", "{D52837E7-5B56-4C2E-BF11-48CD6027C26C}"
EndProject
Project("{8BC9CEB8-8B4A-11D0-8D11-00A0C91BC942}") = "LCDTest", "Chapter11\LCDTest\LCDTest.vcxproj", "{0104437F-A86D-46FB-87DD-52D59E6E0243}"
EndProject
Project("{8BC9CEB8-8B4A-11D0-8D11-00A0C91BC942}") = "SetParent", "Chapter11\SetParent\SetParent.vcxproj", "{73C3B5BC-B77A-489E-9F40-CDE941894140}"
EndProject
Project("{8BC9CEB8-8B4A-11D0-8D11-00A0C91BC942}") = "WinRelation", "Chapter11\WinRelation\WinRelation.vcxproj", "{BDDE7185-174E-479C-B085-5A05715A9F76}"
EndProject
Project("{8BC9CEB8-8B4A-11D0-8D11-00A0C91BC942}") = "ChildWnd9", "Chapter11\ChildWnd9\ChildWnd9.vcxproj", "{7EDBAEC4-CA71-4E07-B888-C7D62CBD09D4}"
EndProject
Project("{8BC9CEB8-8B4A-11D0-8D11-00A0C91BC942}") = "WndExtra", "Chapter11\WndExtra\WndExtra.vcxproj", "{86E6DD25-64F8-43AD-954F-AE1A8A4FBDA5}"
EndProject
Project("{8BC9CEB8-8B4A-11D0-8D11-00A0C91BC942}") = "WndProp", "Chapter11\WndProp\WndProp.vcxproj", "{86F0C5AB-CC32-4C6D-8A6C-796D5F761724}"
EndProject
Project("{8BC9CEB8-8B4A-11D0-8D11-00A0C91BC942}") = "SetWindowPos", "Chapter12\SetWindowPos\SetWindowPos.vcxproj", "{E2EF4D75-3154-4970-A423-4DB8460229BE}"
EndProject
Project("{8BC9CEB8-8B4A-11D0-8D11-00A0C91BC942}") = "DeferWindowPos", "Chapter12\DeferWindowPos\DeferWindowPos.vcxproj", "{EC0D9063-635F-4FB8-B3C1-9949D0AD23D3}"
EndProject
Project("{8BC9CEB8-8B4A-11D0-8D11-00A0C91BC942}") = "MouseCircle", "Chapter12\MouseCircle\MouseCircle.vcxproj", "{1AD7A7C0-0AFA-4AAC-A15E-CE91BE5E15E8}"
EndProject
Project("{8BC9CEB8-8B4A-11D0-8D11-00A0C91BC942}") = "Adjust", "Chapter12\Adjust\Adjust.vcxproj", "{2975DF1F-A89A-46AB-8D08-BF64A813457D}"
EndProject
Project("{8BC9CEB8-8B4A-11D0-8D11-00A0C91BC942}") = "AdjustEx", "Chapter12\AdjustEx\AdjustEx.vcxproj", "{BEC48262-4A6C-41A7-9A78-084EA222782D}"
EndProject
Project("{8BC9CEB8-8B4A-11D0-8D11-00A0C91BC942}") = "SetForeground", "Chapter12\SetForeground\SetForeground.vcxproj", "{6DB3CD26-E7CF-42CD-BDD8-85D4FC100701}"
EndProject
Project("{8BC9CEB8-8B4A-11D0-8D11-00A0C91BC942}") = "FindWin", "Chapter12\FindWin\FindWin.vcxproj", "{148C01A0-C591-4105-A51B-16042A94A7DD}"
EndProject
Project("{8BC9CEB8-8B4A-11D0-8D11-00A0C91BC942}") = "KillNotePad", "Chapter12\KillNotePad\KillNotePad.vcxproj", "{70847D4D-EAB0-4451-926C-FB025A549F48}"
EndProject
Project("{8BC9CEB8-8B4A-11D0-8D11-00A0C91BC942}") = "MiniSpy", "Chapter12\MiniSpy\MiniSpy.vcxproj", "{C29FFC7C-91B5-426B-BAD6-6EF9AC6DB87B}"
EndProject
Project("{8BC9CEB8-8B4A-11D0-8D11-00A0C91BC942}") = "EnumWindows", "Chapter12\EnumWindows\EnumWindows.vcxproj", "{82DDAB9C-61DF-486D-97C4-9EEA82547EEC}"
EndProject
Project("{8BC9CEB8-8B4A-11D0-8D11-00A0C91BC942}") = "CreateStruct", "Chapter12\CreateStruct\CreateStruct.vcxproj", "{A2EAD877-C833-41E3-AEBF-719FB81B784A}"
EndProject
Project("{8BC9CEB8-8B4A-11D0-8D11-00A0C91BC942}") = "WmClose", "Chapter12\WmClose\WmClose.vcxproj", "{6C23E0B1-6EB6-453D-A636-049653A94BA4}"
EndProject
Project("{8BC9CEB8-8B4A-11D0-8D11-00A0C91BC942}") = "WmSize2", "Chapter12\WmSize2\WmSize2.vcxproj", "{7C63B920-B220-4839-BA70-5F656DF90329}"
EndProject
Project("{8BC9CEB8-8B4A-11D0-8D11-00A0C91BC942}") = "MinMax", "Chapter12\MinMax\MinMax.vcxproj", "{E21A8F3F-2A98-4635-BFB5-E9B465E80047}"
EndProject
Project("{8BC9CEB8-8B4A-11D0-8D11-00A0C91BC942}") = "Moving", "Chapter12\Moving\Moving.vcxproj", "{FEF1F589-B8EC-49CA-B63D-1289B232DB8D}"
EndProject
Project("{8BC9CEB8-8B4A-11D0-8D11-00A0C91BC942}") = "WmActive", "Chapter12\WmActive\WmActive.vcxproj", "{64A84043-EA42-4F54-9C0B-7DB2C28FD475}"
EndProject
Project("{8BC9CEB8-8B4A-11D0-8D11-00A0C91BC942}") = "NcHitTest", "Chapter12\NcHitTest\NcHitTest.vcxproj", "{AC363E2D-2AF6-4727-9ABF-978376A6C000}"
EndProject
Project("{8BC9CEB8-8B4A-11D0-8D11-00A0C91BC942}") = "WndRgn", "Chapter12\WndRgn\WndRgn.vcxproj", "{BBC28BE3-11CB-467E-89DA-F354100A7E86}"
EndProject
Project("{8BC9CEB8-8B4A-11D0-8D11-00A0C91BC942}") = "SoraHall", "Chapter12\SoraHall\SoraHall.vcxproj", "{5995482C-D4EB-464E-A336-CFB30975DF77}"
EndProject
Project("{8BC9CEB8-8B4A-11D0-8D11-00A0C91BC942}") = "AnimWin", "Chapter12\AnimWin\AnimWin.vcxproj", "{8DE5B6D4-8A62-4479-8A3C-3DDB03AD5028}"
EndProject
Project("{8BC9CEB8-8B4A-11D0-8D11-00A0C91BC942}") = "Translucent", "Chapter12\Translucent\Translucent.vcxproj", "{3DE0F569-D9D0-4D7F-BD58-070D6DE87CEF}"
EndProject
Project("{8BC9CEB8-8B4A-11D0-8D11-00A0C91BC942}") = "MessageTrap", "Chapter13\MessageTrap\MessageTrap.vcxproj", "{3AAEFA1E-53F1-46E6-A777-77B4E8DCF62A}"
EndProject
Project("{8BC9CEB8-8B4A-11D0-8D11-00A0C91BC942}") = "PeekMessage", "Chapter13\PeekMessage\PeekMessage.vcxproj", "{D56887E8-2C92-4BBD-A284-2B9EF3CE043D}"
EndProject
Project("{8BC9CEB8-8B4A-11D0-8D11-00A0C91BC942}") = "PeekMessage2", "Chapter13\PeekMessage2\PeekMessage2.vcxproj", "{401CB5EE-7665-43E9-BAB2-8ACC8A0032F5}"
EndProject
Project("{8BC9CEB8-8B4A-11D0-8D11-00A0C91BC942}") = "FindIdle", "Chapter13\FindIdle\FindIdle.vcxproj", "{E11281B9-4665-4383-9F6D-133EFA22007C}"
EndProject
Project("{8BC9CEB8-8B4A-11D0-8D11-00A0C91BC942}") = "GetKeyState", "Chapter13\GetKeyState\GetKeyState.vcxproj", "{12501425-79CF-4EA0-A73D-2F3FD74AF2CE}"
EndProject
Project("{8BC9CEB8-8B4A-11D0-8D11-00A0C91BC942}") = "MoveSharp", "Chapter13\MoveSharp\MoveSharp.vcxproj", "{24E1A88B-2959-4DC3-A3C4-F6AC43DBE984}"
EndProject
Project("{8BC9CEB8-8B4A-11D0-8D11-00A0C91BC942}") = "DeadLock", "Chapter13\DeadLock\DeadLock.vcxproj", "{14E95462-A0E2-4D64-9DCB-03DB16CCCB97}"
EndProject
Project("{8BC9CEB8-8B4A-11D0-8D11-00A0C91BC942}") = "DeadLock2", "Chapter13\DeadLock2\DeadLock2.vcxproj", "{7568CBE5-229B-4E24-897D-93B724CFCA09}"
EndProject
Project("{8BC9CEB8-8B4A-11D0-8D11-00A0C91BC942}") = "SendCallback", "Chapter13\SendCallback\SendCallback.vcxproj", "{97B38C57-16C6-4C34-B03C-8BD03AE3BF5F}"
EndProject
Project("{8BC9CEB8-8B4A-11D0-8D11-00A0C91BC942}") = "SubEdit", "Chapter13\SubEdit\SubEdit.vcxproj", "{EE4CDF48-AD1B-4B5C-88E6-8679A8EEBAB0}"
EndProject
Project("{8BC9CEB8-8B4A-11D0-8D11-00A0C91BC942}") = "EditNoCopy", "Chapter13\EditNoCopy\EditNoCopy.vcxproj", "{7897E0CB-33EC-469E-90B8-BA2DAFC269CB}"
EndProject
Project("{8BC9CEB8-8B4A-11D0-8D11-00A0C91BC942}") = "SubEdit2", "Chapter13\SubEdit2\SubEdit2.vcxproj", "{BE0D8B34-7CCF-43A5-B41E-4A4E2F5AC6B9}"
EndProject
Project("{8BC9CEB8-8B4A-11D0-8D11-00A0C91BC942}") = "SuperEdit", "Chapter13\SuperEdit\SuperEdit.vcxproj", "{9F048E8B-8B99-4539-9AE6-852B10F12414}"
EndProject
Project("{8BC9CEB8-8B4A-11D0-8D11-00A0C91BC942}") = "MsgCrk", "Chapter13\MsgCrk\MsgCrk.vcxproj", "{B2F8ACFC-564A-4F97-9AF0-A1B142E05E94}"
EndProject
Project("{8BC9CEB8-8B4A-11D0-8D11-00A0C91BC942}") = "UserMes", "Chapter13\UserMes\UserMes.vcxproj", "{E85D35D4-D582-4791-BC02-99FB75A0B028}"
EndProject
Project("{8BC9CEB8-8B4A-11D0-8D11-00A0C91BC942}") = "SendUserMes", "Chapter13\SendUserMes\SendUserMes.vcxproj", "{E9365F6B-3199-4748-9EFD-F65A7113FE57}"
EndProject
Project("{8BC9CEB8-8B4A-11D0-8D11-00A0C91BC942}") = "SendKeyDown", "Chapter13\SendKeyDown\SendKeyDown.vcxproj", "{C407B8D7-B4CA-4464-8178-85F48A99AA16}"
EndProject
Project("{8BC9CEB8-8B4A-11D0-8D11-00A0C91BC942}") = "ResMsg1", "Chapter13\ResMsg\ResMsg.vcxproj", "{A9548D9E-BC70-4940-863B-4FC8537289B8}"
EndProject
Project("{8BC9CEB8-8B4A-11D0-8D11-00A0C91BC942}") = "ResMsg2", "Chapter13\ResMsg2\ResMsg2.vcxproj", "{18B34955-4E61-4EC0-9C91-14D8F8C34EC0}"
EndProject
Global
	GlobalSection(SolutionConfigurationPlatforms) = preSolution
		Debug|x64 = Debug|x64
		Debug|x86 = Debug|x86
		Release|x64 = Release|x64
		Release|x86 = Release|x86
	EndGlobalSection
	GlobalSection(ProjectConfigurationPlatforms) = postSolution
		{36467C6D-B443-42D7-8D87-FB7125581CDE}.Debug|x64.ActiveCfg = Debug|x64
		{36467C6D-B443-42D7-8D87-FB7125581CDE}.Debug|x64.Build.0 = Debug|x64
		{36467C6D-B443-42D7-8D87-FB7125581CDE}.Debug|x86.ActiveCfg = Debug|Win32
		{36467C6D-B443-42D7-8D87-FB7125581CDE}.Debug|x86.Build.0 = Debug|Win32
		{36467C6D-B443-42D7-8D87-FB7125581CDE}.Release|x64.ActiveCfg = Release|x64
		{36467C6D-B443-42D7-8D87-FB7125581CDE}.Release|x64.Build.0 = Release|x64
		{36467C6D-B443-42D7-8D87-FB7125581CDE}.Release|x86.ActiveCfg = Release|Win32
		{36467C6D-B443-42D7-8D87-FB7125581CDE}.Release|x86.Build.0 = Release|Win32
		{2DB5F7C7-8BDA-49DD-B127-B408D1776D1D}.Debug|x64.ActiveCfg = Debug|x64
		{2DB5F7C7-8BDA-49DD-B127-B408D1776D1D}.Debug|x64.Build.0 = Debug|x64
		{2DB5F7C7-8BDA-49DD-B127-B408D1776D1D}.Debug|x86.ActiveCfg = Debug|Win32
		{2DB5F7C7-8BDA-49DD-B127-B408D1776D1D}.Debug|x86.Build.0 = Debug|Win32
		{2DB5F7C7-8BDA-49DD-B127-B408D1776D1D}.Release|x64.ActiveCfg = Release|x64
		{2DB5F7C7-8BDA-49DD-B127-B408D1776D1D}.Release|x64.Build.0 = Release|x64
		{2DB5F7C7-8BDA-49DD-B127-B408D1776D1D}.Release|x86.ActiveCfg = Release|Win32
		{2DB5F7C7-8BDA-49DD-B127-B408D1776D1D}.Release|x86.Build.0 = Release|Win32
		{7DB3B7FF-B2A1-4C4F-88AC-A1564997C57E}.Debug|x64.ActiveCfg = Debug|x64
		{7DB3B7FF-B2A1-4C4F-88AC-A1564997C57E}.Debug|x64.Build.0 = Debug|x64
		{7DB3B7FF-B2A1-4C4F-88AC-A1564997C57E}.Debug|x86.ActiveCfg = Debug|Win32
		{7DB3B7FF-B2A1-4C4F-88AC-A1564997C57E}.Debug|x86.Build.0 = Debug|Win32
		{7DB3B7FF-B2A1-4C4F-88AC-A1564997C57E}.Release|x64.ActiveCfg = Release|x64
		{7DB3B7FF-B2A1-4C4F-88AC-A1564997C57E}.Release|x64.Build.0 = Release|x64
		{7DB3B7FF-B2A1-4C4F-88AC-A1564997C57E}.Release|x86.ActiveCfg = Release|Win32
		{7DB3B7FF-B2A1-4C4F-88AC-A1564997C57E}.Release|x86.Build.0 = Release|Win32
		{11BC55E5-A087-4B80-921F-D025D5E057B5}.Debug|x64.ActiveCfg = Debug|x64
		{11BC55E5-A087-4B80-921F-D025D5E057B5}.Debug|x64.Build.0 = Debug|x64
		{11BC55E5-A087-4B80-921F-D025D5E057B5}.Debug|x86.ActiveCfg = Debug|Win32
		{11BC55E5-A087-4B80-921F-D025D5E057B5}.Debug|x86.Build.0 = Debug|Win32
		{11BC55E5-A087-4B80-921F-D025D5E057B5}.Release|x64.ActiveCfg = Release|x64
		{11BC55E5-A087-4B80-921F-D025D5E057B5}.Release|x64.Build.0 = Release|x64
		{11BC55E5-A087-4B80-921F-D025D5E057B5}.Release|x86.ActiveCfg = Release|Win32
		{11BC55E5-A087-4B80-921F-D025D5E057B5}.Release|x86.Build.0 = Release|Win32
		{D1788EA6-3351-4CFE-8D88-F86CCA9009D4}.Debug|x64.ActiveCfg = Debug|x64
		{D1788EA6-3351-4CFE-8D88-F86CCA9009D4}.Debug|x64.Build.0 = Debug|x64
		{D1788EA6-3351-4CFE-8D88-F86CCA9009D4}.Debug|x86.ActiveCfg = Debug|Win32
		{D1788EA6-3351-4CFE-8D88-F86CCA9009D4}.Debug|x86.Build.0 = Debug|Win32
		{D1788EA6-3351-4CFE-8D88-F86CCA9009D4}.Release|x64.ActiveCfg = Release|x64
		{D1788EA6-3351-4CFE-8D88-F86CCA9009D4}.Release|x64.Build.0 = Release|x64
		{D1788EA6-3351-4CFE-8D88-F86CCA9009D4}.Release|x86.ActiveCfg = Release|Win32
		{D1788EA6-3351-4CFE-8D88-F86CCA9009D4}.Release|x86.Build.0 = Release|Win32
		{8D3A78E6-9A51-42A1-A77D-DF067B9A2496}.Debug|x64.ActiveCfg = Debug|x64
		{8D3A78E6-9A51-42A1-A77D-DF067B9A2496}.Debug|x64.Build.0 = Debug|x64
		{8D3A78E6-9A51-42A1-A77D-DF067B9A2496}.Debug|x86.ActiveCfg = Debug|Win32
		{8D3A78E6-9A51-42A1-A77D-DF067B9A2496}.Debug|x86.Build.0 = Debug|Win32
		{8D3A78E6-9A51-42A1-A77D-DF067B9A2496}.Release|x64.ActiveCfg = Release|x64
		{8D3A78E6-9A51-42A1-A77D-DF067B9A2496}.Release|x64.Build.0 = Release|x64
		{8D3A78E6-9A51-42A1-A77D-DF067B9A2496}.Release|x86.ActiveCfg = Release|Win32
		{8D3A78E6-9A51-42A1-A77D-DF067B9A2496}.Release|x86.Build.0 = Release|Win32
		{DE31093A-A91F-4092-A815-754CFC5986DE}.Debug|x64.ActiveCfg = Debug|x64
		{DE31093A-A91F-4092-A815-754CFC5986DE}.Debug|x64.Build.0 = Debug|x64
		{DE31093A-A91F-4092-A815-754CFC5986DE}.Debug|x86.ActiveCfg = Debug|Win32
		{DE31093A-A91F-4092-A815-754CFC5986DE}.Debug|x86.Build.0 = Debug|Win32
		{DE31093A-A91F-4092-A815-754CFC5986DE}.Release|x64.ActiveCfg = Release|x64
		{DE31093A-A91F-4092-A815-754CFC5986DE}.Release|x64.Build.0 = Release|x64
		{DE31093A-A91F-4092-A815-754CFC5986DE}.Release|x86.ActiveCfg = Release|Win32
		{DE31093A-A91F-4092-A815-754CFC5986DE}.Release|x86.Build.0 = Release|Win32
		{0F791B5F-9E59-4B59-B569-F4BBC6342919}.Debug|x64.ActiveCfg = Debug|x64
		{0F791B5F-9E59-4B59-B569-F4BBC6342919}.Debug|x64.Build.0 = Debug|x64
		{0F791B5F-9E59-4B59-B569-F4BBC6342919}.Debug|x86.ActiveCfg = Debug|Win32
		{0F791B5F-9E59-4B59-B569-F4BBC6342919}.Debug|x86.Build.0 = Debug|Win32
		{0F791B5F-9E59-4B59-B569-F4BBC6342919}.Release|x64.ActiveCfg = Release|x64
		{0F791B5F-9E59-4B59-B569-F4BBC6342919}.Release|x64.Build.0 = Release|x64
		{0F791B5F-9E59-4B59-B569-F4BBC6342919}.Release|x86.ActiveCfg = Release|Win32
		{0F791B5F-9E59-4B59-B569-F4BBC6342919}.Release|x86.Build.0 = Release|Win32
		{74822898-5B3A-4076-8E19-EEFC324E0D89}.Debug|x64.ActiveCfg = Debug|x64
		{74822898-5B3A-4076-8E19-EEFC324E0D89}.Debug|x64.Build.0 = Debug|x64
		{74822898-5B3A-4076-8E19-EEFC324E0D89}.Debug|x86.ActiveCfg = Debug|Win32
		{74822898-5B3A-4076-8E19-EEFC324E0D89}.Debug|x86.Build.0 = Debug|Win32
		{74822898-5B3A-4076-8E19-EEFC324E0D89}.Release|x64.ActiveCfg = Release|x64
		{74822898-5B3A-4076-8E19-EEFC324E0D89}.Release|x64.Build.0 = Release|x64
		{74822898-5B3A-4076-8E19-EEFC324E0D89}.Release|x86.ActiveCfg = Release|Win32
		{74822898-5B3A-4076-8E19-EEFC324E0D89}.Release|x86.Build.0 = Release|Win32
		{25B4CAB1-FB63-494B-BCC7-250D8B5ADD5C}.Debug|x64.ActiveCfg = Debug|x64
		{25B4CAB1-FB63-494B-BCC7-250D8B5ADD5C}.Debug|x64.Build.0 = Debug|x64
		{25B4CAB1-FB63-494B-BCC7-250D8B5ADD5C}.Debug|x86.ActiveCfg = Debug|Win32
		{25B4CAB1-FB63-494B-BCC7-250D8B5ADD5C}.Debug|x86.Build.0 = Debug|Win32
		{25B4CAB1-FB63-494B-BCC7-250D8B5ADD5C}.Release|x64.ActiveCfg = Release|x64
		{25B4CAB1-FB63-494B-BCC7-250D8B5ADD5C}.Release|x64.Build.0 = Release|x64
		{25B4CAB1-FB63-494B-BCC7-250D8B5ADD5C}.Release|x86.ActiveCfg = Release|Win32
		{25B4CAB1-FB63-494B-BCC7-250D8B5ADD5C}.Release|x86.Build.0 = Release|Win32
		{DB391FD4-CF98-4AA1-9FE4-640D4E905892}.Debug|x64.ActiveCfg = Debug|x64
		{DB391FD4-CF98-4AA1-9FE4-640D4E905892}.Debug|x64.Build.0 = Debug|x64
		{DB391FD4-CF98-4AA1-9FE4-640D4E905892}.Debug|x86.ActiveCfg = Debug|Win32
		{DB391FD4-CF98-4AA1-9FE4-640D4E905892}.Debug|x86.Build.0 = Debug|Win32
		{DB391FD4-CF98-4AA1-9FE4-640D4E905892}.Release|x64.ActiveCfg = Release|x64
		{DB391FD4-CF98-4AA1-9FE4-640D4E905892}.Release|x64.Build.0 = Release|x64
		{DB391FD4-CF98-4AA1-9FE4-640D4E905892}.Release|x86.ActiveCfg = Release|Win32
		{DB391FD4-CF98-4AA1-9FE4-640D4E905892}.Release|x86.Build.0 = Release|Win32
		{AF5DF723-7669-4AA2-A3EF-997DC73CB36B}.Debug|x64.ActiveCfg = Debug|x64
		{AF5DF723-7669-4AA2-A3EF-997DC73CB36B}.Debug|x64.Build.0 = Debug|x64
		{AF5DF723-7669-4AA2-A3EF-997DC73CB36B}.Debug|x86.ActiveCfg = Debug|Win32
		{AF5DF723-7669-4AA2-A3EF-997DC73CB36B}.Debug|x86.Build.0 = Debug|Win32
		{AF5DF723-7669-4AA2-A3EF-997DC73CB36B}.Release|x64.ActiveCfg = Release|x64
		{AF5DF723-7669-4AA2-A3EF-997DC73CB36B}.Release|x64.Build.0 = Release|x64
		{AF5DF723-7669-4AA2-A3EF-997DC73CB36B}.Release|x86.ActiveCfg = Release|Win32
		{AF5DF723-7669-4AA2-A3EF-997DC73CB36B}.Release|x86.Build.0 = Release|Win32
		{F5CA831D-58A5-47F7-8CBA-4E18D7897D8E}.Debug|x64.ActiveCfg = Debug|x64
		{F5CA831D-58A5-47F7-8CBA-4E18D7897D8E}.Debug|x64.Build.0 = Debug|x64
		{F5CA831D-58A5-47F7-8CBA-4E18D7897D8E}.Debug|x86.ActiveCfg = Debug|Win32
		{F5CA831D-58A5-47F7-8CBA-4E18D7897D8E}.Debug|x86.Build.0 = Debug|Win32
		{F5CA831D-58A5-47F7-8CBA-4E18D7897D8E}.Release|x64.ActiveCfg = Release|x64
		{F5CA831D-58A5-47F7-8CBA-4E18D7897D8E}.Release|x64.Build.0 = Release|x64
		{F5CA831D-58A5-47F7-8CBA-4E18D7897D8E}.Release|x86.ActiveCfg = Release|Win32
		{F5CA831D-58A5-47F7-8CBA-4E18D7897D8E}.Release|x86.Build.0 = Release|Win32
		{141A9BA0-B9B4-4FDF-AEFB-4B941405C651}.Debug|x64.ActiveCfg = Debug|x64
		{141A9BA0-B9B4-4FDF-AEFB-4B941405C651}.Debug|x64.Build.0 = Debug|x64
		{141A9BA0-B9B4-4FDF-AEFB-4B941405C651}.Debug|x86.ActiveCfg = Debug|Win32
		{141A9BA0-B9B4-4FDF-AEFB-4B941405C651}.Debug|x86.Build.0 = Debug|Win32
		{141A9BA0-B9B4-4FDF-AEFB-4B941405C651}.Release|x64.ActiveCfg = Release|x64
		{141A9BA0-B9B4-4FDF-AEFB-4B941405C651}.Release|x64.Build.0 = Release|x64
		{141A9BA0-B9B4-4FDF-AEFB-4B941405C651}.Release|x86.ActiveCfg = Release|Win32
		{141A9BA0-B9B4-4FDF-AEFB-4B941405C651}.Release|x86.Build.0 = Release|Win32
		{6B6CA882-8C12-4167-AE99-F986A71B4B5D}.Debug|x64.ActiveCfg = Debug|x64
		{6B6CA882-8C12-4167-AE99-F986A71B4B5D}.Debug|x64.Build.0 = Debug|x64
		{6B6CA882-8C12-4167-AE99-F986A71B4B5D}.Debug|x86.ActiveCfg = Debug|Win32
		{6B6CA882-8C12-4167-AE99-F986A71B4B5D}.Debug|x86.Build.0 = Debug|Win32
		{6B6CA882-8C12-4167-AE99-F986A71B4B5D}.Release|x64.ActiveCfg = Release|x64
		{6B6CA882-8C12-4167-AE99-F986A71B4B5D}.Release|x64.Build.0 = Release|x64
		{6B6CA882-8C12-4167-AE99-F986A71B4B5D}.Release|x86.ActiveCfg = Release|Win32
		{6B6CA882-8C12-4167-AE99-F986A71B4B5D}.Release|x86.Build.0 = Release|Win32
		{AABE67AF-789B-4B06-912B-160CC87017C3}.Debug|x64.ActiveCfg = Debug|x64
		{AABE67AF-789B-4B06-912B-160CC87017C3}.Debug|x64.Build.0 = Debug|x64
		{AABE67AF-789B-4B06-912B-160CC87017C3}.Debug|x86.ActiveCfg = Debug|Win32
		{AABE67AF-789B-4B06-912B-160CC87017C3}.Debug|x86.Build.0 = Debug|Win32
		{AABE67AF-789B-4B06-912B-160CC87017C3}.Release|x64.ActiveCfg = Release|x64
		{AABE67AF-789B-4B06-912B-160CC87017C3}.Release|x64.Build.0 = Release|x64
		{AABE67AF-789B-4B06-912B-160CC87017C3}.Release|x86.ActiveCfg = Release|Win32
		{AABE67AF-789B-4B06-912B-160CC87017C3}.Release|x86.Build.0 = Release|Win32
		{D0CB5D34-18CB-44C4-9821-5BC16872931B}.Debug|x64.ActiveCfg = Debug|x64
		{D0CB5D34-18CB-44C4-9821-5BC16872931B}.Debug|x64.Build.0 = Debug|x64
		{D0CB5D34-18CB-44C4-9821-5BC16872931B}.Debug|x86.ActiveCfg = Debug|Win32
		{D0CB5D34-18CB-44C4-9821-5BC16872931B}.Debug|x86.Build.0 = Debug|Win32
		{D0CB5D34-18CB-44C4-9821-5BC16872931B}.Release|x64.ActiveCfg = Release|x64
		{D0CB5D34-18CB-44C4-9821-5BC16872931B}.Release|x64.Build.0 = Release|x64
		{D0CB5D34-18CB-44C4-9821-5BC16872931B}.Release|x86.ActiveCfg = Release|Win32
		{D0CB5D34-18CB-44C4-9821-5BC16872931B}.Release|x86.Build.0 = Release|Win32
		{69988850-375F-4ABE-BE14-5F375526207E}.Debug|x64.ActiveCfg = Debug|x64
		{69988850-375F-4ABE-BE14-5F375526207E}.Debug|x64.Build.0 = Debug|x64
		{69988850-375F-4ABE-BE14-5F375526207E}.Debug|x86.ActiveCfg = Debug|Win32
		{69988850-375F-4ABE-BE14-5F375526207E}.Debug|x86.Build.0 = Debug|Win32
		{69988850-375F-4ABE-BE14-5F375526207E}.Release|x64.ActiveCfg = Release|x64
		{69988850-375F-4ABE-BE14-5F375526207E}.Release|x64.Build.0 = Release|x64
		{69988850-375F-4ABE-BE14-5F375526207E}.Release|x86.ActiveCfg = Release|Win32
		{69988850-375F-4ABE-BE14-5F375526207E}.Release|x86.Build.0 = Release|Win32
		{8C01BAC7-B44E-4E06-A663-A67D66E01874}.Debug|x64.ActiveCfg = Debug|x64
		{8C01BAC7-B44E-4E06-A663-A67D66E01874}.Debug|x64.Build.0 = Debug|x64
		{8C01BAC7-B44E-4E06-A663-A67D66E01874}.Debug|x86.ActiveCfg = Debug|Win32
		{8C01BAC7-B44E-4E06-A663-A67D66E01874}.Debug|x86.Build.0 = Debug|Win32
		{8C01BAC7-B44E-4E06-A663-A67D66E01874}.Release|x64.ActiveCfg = Release|x64
		{8C01BAC7-B44E-4E06-A663-A67D66E01874}.Release|x64.Build.0 = Release|x64
		{8C01BAC7-B44E-4E06-A663-A67D66E01874}.Release|x86.ActiveCfg = Release|Win32
		{8C01BAC7-B44E-4E06-A663-A67D66E01874}.Release|x86.Build.0 = Release|Win32
		{E17848F1-DB07-4F0D-BEAB-815062D1DB1D}.Debug|x64.ActiveCfg = Debug|x64
		{E17848F1-DB07-4F0D-BEAB-815062D1DB1D}.Debug|x64.Build.0 = Debug|x64
		{E17848F1-DB07-4F0D-BEAB-815062D1DB1D}.Debug|x86.ActiveCfg = Debug|Win32
		{E17848F1-DB07-4F0D-BEAB-815062D1DB1D}.Debug|x86.Build.0 = Debug|Win32
		{E17848F1-DB07-4F0D-BEAB-815062D1DB1D}.Release|x64.ActiveCfg = Release|x64
		{E17848F1-DB07-4F0D-BEAB-815062D1DB1D}.Release|x64.Build.0 = Release|x64
		{E17848F1-DB07-4F0D-BEAB-815062D1DB1D}.Release|x86.ActiveCfg = Release|Win32
		{E17848F1-DB07-4F0D-BEAB-815062D1DB1D}.Release|x86.Build.0 = Release|Win32
		{3E31E4F8-8E7A-462A-B900-9AA454FEDF81}.Debug|x64.ActiveCfg = Debug|x64
		{3E31E4F8-8E7A-462A-B900-9AA454FEDF81}.Debug|x64.Build.0 = Debug|x64
		{3E31E4F8-8E7A-462A-B900-9AA454FEDF81}.Debug|x86.ActiveCfg = Debug|Win32
		{3E31E4F8-8E7A-462A-B900-9AA454FEDF81}.Debug|x86.Build.0 = Debug|Win32
		{3E31E4F8-8E7A-462A-B900-9AA454FEDF81}.Release|x64.ActiveCfg = Release|x64
		{3E31E4F8-8E7A-462A-B900-9AA454FEDF81}.Release|x64.Build.0 = Release|x64
		{3E31E4F8-8E7A-462A-B900-9AA454FEDF81}.Release|x86.ActiveCfg = Release|Win32
		{3E31E4F8-8E7A-462A-B900-9AA454FEDF81}.Release|x86.Build.0 = Release|Win32
		{E97B12A0-5F3E-46F9-8672-C551E45C36F0}.Debug|x64.ActiveCfg = Debug|x64
		{E97B12A0-5F3E-46F9-8672-C551E45C36F0}.Debug|x64.Build.0 = Debug|x64
		{E97B12A0-5F3E-46F9-8672-C551E45C36F0}.Debug|x86.ActiveCfg = Debug|Win32
		{E97B12A0-5F3E-46F9-8672-C551E45C36F0}.Debug|x86.Build.0 = Debug|Win32
		{E97B12A0-5F3E-46F9-8672-C551E45C36F0}.Release|x64.ActiveCfg = Release|x64
		{E97B12A0-5F3E-46F9-8672-C551E45C36F0}.Release|x64.Build.0 = Release|x64
		{E97B12A0-5F3E-46F9-8672-C551E45C36F0}.Release|x86.ActiveCfg = Release|Win32
		{E97B12A0-5F3E-46F9-8672-C551E45C36F0}.Release|x86.Build.0 = Release|Win32
		{98541D5C-18F7-4074-BF67-93270D4F555F}.Debug|x64.ActiveCfg = Debug|x64
		{98541D5C-18F7-4074-BF67-93270D4F555F}.Debug|x64.Build.0 = Debug|x64
		{98541D5C-18F7-4074-BF67-93270D4F555F}.Debug|x86.ActiveCfg = Debug|Win32
		{98541D5C-18F7-4074-BF67-93270D4F555F}.Debug|x86.Build.0 = Debug|Win32
		{98541D5C-18F7-4074-BF67-93270D4F555F}.Release|x64.ActiveCfg = Release|x64
		{98541D5C-18F7-4074-BF67-93270D4F555F}.Release|x64.Build.0 = Release|x64
		{98541D5C-18F7-4074-BF67-93270D4F555F}.Release|x86.ActiveCfg = Release|Win32
		{98541D5C-18F7-4074-BF67-93270D4F555F}.Release|x86.Build.0 = Release|Win32
		{288F1031-F366-477E-AC53-BEA9D04C0A3A}.Debug|x64.ActiveCfg = Debug|x64
		{288F1031-F366-477E-AC53-BEA9D04C0A3A}.Debug|x64.Build.0 = Debug|x64
		{288F1031-F366-477E-AC53-BEA9D04C0A3A}.Debug|x86.ActiveCfg = Debug|Win32
		{288F1031-F366-477E-AC53-BEA9D04C0A3A}.Debug|x86.Build.0 = Debug|Win32
		{288F1031-F366-477E-AC53-BEA9D04C0A3A}.Release|x64.ActiveCfg = Release|x64
		{288F1031-F366-477E-AC53-BEA9D04C0A3A}.Release|x64.Build.0 = Release|x64
		{288F1031-F366-477E-AC53-BEA9D04C0A3A}.Release|x86.ActiveCfg = Release|Win32
		{288F1031-F366-477E-AC53-BEA9D04C0A3A}.Release|x86.Build.0 = Release|Win32
		{CC78491C-1DC8-499B-9651-AF0473CEDB83}.Debug|x64.ActiveCfg = Debug|x64
		{CC78491C-1DC8-499B-9651-AF0473CEDB83}.Debug|x64.Build.0 = Debug|x64
		{CC78491C-1DC8-499B-9651-AF0473CEDB83}.Debug|x86.ActiveCfg = Debug|Win32
		{CC78491C-1DC8-499B-9651-AF0473CEDB83}.Debug|x86.Build.0 = Debug|Win32
		{CC78491C-1DC8-499B-9651-AF0473CEDB83}.Release|x64.ActiveCfg = Release|x64
		{CC78491C-1DC8-499B-9651-AF0473CEDB83}.Release|x64.Build.0 = Release|x64
		{CC78491C-1DC8-499B-9651-AF0473CEDB83}.Release|x86.ActiveCfg = Release|Win32
		{CC78491C-1DC8-499B-9651-AF0473CEDB83}.Release|x86.Build.0 = Release|Win32
		{98F02471-E78F-42D1-A6FE-B9E0B18676DE}.Debug|x64.ActiveCfg = Debug|x64
		{98F02471-E78F-42D1-A6FE-B9E0B18676DE}.Debug|x64.Build.0 = Debug|x64
		{98F02471-E78F-42D1-A6FE-B9E0B18676DE}.Debug|x86.ActiveCfg = Debug|Win32
		{98F02471-E78F-42D1-A6FE-B9E0B18676DE}.Debug|x86.Build.0 = Debug|Win32
		{98F02471-E78F-42D1-A6FE-B9E0B18676DE}.Release|x64.ActiveCfg = Release|x64
		{98F02471-E78F-42D1-A6FE-B9E0B18676DE}.Release|x64.Build.0 = Release|x64
		{98F02471-E78F-42D1-A6FE-B9E0B18676DE}.Release|x86.ActiveCfg = Release|Win32
		{98F02471-E78F-42D1-A6FE-B9E0B18676DE}.Release|x86.Build.0 = Release|Win32
		{9247C0D7-23C1-49F1-89AE-8B4F926A3112}.Debug|x64.ActiveCfg = Debug|x64
		{9247C0D7-23C1-49F1-89AE-8B4F926A3112}.Debug|x64.Build.0 = Debug|x64
		{9247C0D7-23C1-49F1-89AE-8B4F926A3112}.Debug|x86.ActiveCfg = Debug|Win32
		{9247C0D7-23C1-49F1-89AE-8B4F926A3112}.Debug|x86.Build.0 = Debug|Win32
		{9247C0D7-23C1-49F1-89AE-8B4F926A3112}.Release|x64.ActiveCfg = Release|x64
		{9247C0D7-23C1-49F1-89AE-8B4F926A3112}.Release|x64.Build.0 = Release|x64
		{9247C0D7-23C1-49F1-89AE-8B4F926A3112}.Release|x86.ActiveCfg = Release|Win32
		{9247C0D7-23C1-49F1-89AE-8B4F926A3112}.Release|x86.Build.0 = Release|Win32
		{06587168-2077-446F-81A6-7DEB14184500}.Debug|x64.ActiveCfg = Debug|x64
		{06587168-2077-446F-81A6-7DEB14184500}.Debug|x64.Build.0 = Debug|x64
		{06587168-2077-446F-81A6-7DEB14184500}.Debug|x86.ActiveCfg = Debug|Win32
		{06587168-2077-446F-81A6-7DEB14184500}.Debug|x86.Build.0 = Debug|Win32
		{06587168-2077-446F-81A6-7DEB14184500}.Release|x64.ActiveCfg = Release|x64
		{06587168-2077-446F-81A6-7DEB14184500}.Release|x64.Build.0 = Release|x64
		{06587168-2077-446F-81A6-7DEB14184500}.Release|x86.ActiveCfg = Release|Win32
		{06587168-2077-446F-81A6-7DEB14184500}.Release|x86.Build.0 = Release|Win32
		{59C38243-32D4-4703-9BD9-FCF554890B56}.Debug|x64.ActiveCfg = Debug|x64
		{59C38243-32D4-4703-9BD9-FCF554890B56}.Debug|x64.Build.0 = Debug|x64
		{59C38243-32D4-4703-9BD9-FCF554890B56}.Debug|x86.ActiveCfg = Debug|Win32
		{59C38243-32D4-4703-9BD9-FCF554890B56}.Debug|x86.Build.0 = Debug|Win32
		{59C38243-32D4-4703-9BD9-FCF554890B56}.Release|x64.ActiveCfg = Release|x64
		{59C38243-32D4-4703-9BD9-FCF554890B56}.Release|x64.Build.0 = Release|x64
		{59C38243-32D4-4703-9BD9-FCF554890B56}.Release|x86.ActiveCfg = Release|Win32
		{59C38243-32D4-4703-9BD9-FCF554890B56}.Release|x86.Build.0 = Release|Win32
		{524B25C8-F143-452D-B509-5022B2E8256D}.Debug|x64.ActiveCfg = Debug|x64
		{524B25C8-F143-452D-B509-5022B2E8256D}.Debug|x64.Build.0 = Debug|x64
		{524B25C8-F143-452D-B509-5022B2E8256D}.Debug|x86.ActiveCfg = Debug|Win32
		{524B25C8-F143-452D-B509-5022B2E8256D}.Debug|x86.Build.0 = Debug|Win32
		{524B25C8-F143-452D-B509-5022B2E8256D}.Release|x64.ActiveCfg = Release|x64
		{524B25C8-F143-452D-B509-5022B2E8256D}.Release|x64.Build.0 = Release|x64
		{524B25C8-F143-452D-B509-5022B2E8256D}.Release|x86.ActiveCfg = Release|Win32
		{524B25C8-F143-452D-B509-5022B2E8256D}.Release|x86.Build.0 = Release|Win32
		{BE896341-7743-4A20-96DC-0CEBE84928EF}.Debug|x64.ActiveCfg = Debug|x64
		{BE896341-7743-4A20-96DC-0CEBE84928EF}.Debug|x64.Build.0 = Debug|x64
		{BE896341-7743-4A20-96DC-0CEBE84928EF}.Debug|x86.ActiveCfg = Debug|Win32
		{BE896341-7743-4A20-96DC-0CEBE84928EF}.Debug|x86.Build.0 = Debug|Win32
		{BE896341-7743-4A20-96DC-0CEBE84928EF}.Release|x64.ActiveCfg = Release|x64
		{BE896341-7743-4A20-96DC-0CEBE84928EF}.Release|x64.Build.0 = Release|x64
		{BE896341-7743-4A20-96DC-0CEBE84928EF}.Release|x86.ActiveCfg = Release|Win32
		{BE896341-7743-4A20-96DC-0CEBE84928EF}.Release|x86.Build.0 = Release|Win32
		{E32D4A2E-8023-4440-A6B7-9B875B7D2B4B}.Debug|x64.ActiveCfg = Debug|x64
		{E32D4A2E-8023-4440-A6B7-9B875B7D2B4B}.Debug|x64.Build.0 = Debug|x64
		{E32D4A2E-8023-4440-A6B7-9B875B7D2B4B}.Debug|x86.ActiveCfg = Debug|Win32
		{E32D4A2E-8023-4440-A6B7-9B875B7D2B4B}.Debug|x86.Build.0 = Debug|Win32
		{E32D4A2E-8023-4440-A6B7-9B875B7D2B4B}.Release|x64.ActiveCfg = Release|x64
		{E32D4A2E-8023-4440-A6B7-9B875B7D2B4B}.Release|x64.Build.0 = Release|x64
		{E32D4A2E-8023-4440-A6B7-9B875B7D2B4B}.Release|x86.ActiveCfg = Release|Win32
		{E32D4A2E-8023-4440-A6B7-9B875B7D2B4B}.Release|x86.Build.0 = Release|Win32
		{24F963D4-12CA-4555-81E0-FDB145DEB60F}.Debug|x64.ActiveCfg = Debug|x64
		{24F963D4-12CA-4555-81E0-FDB145DEB60F}.Debug|x64.Build.0 = Debug|x64
		{24F963D4-12CA-4555-81E0-FDB145DEB60F}.Debug|x86.ActiveCfg = Debug|Win32
		{24F963D4-12CA-4555-81E0-FDB145DEB60F}.Debug|x86.Build.0 = Debug|Win32
		{24F963D4-12CA-4555-81E0-FDB145DEB60F}.Release|x64.ActiveCfg = Release|x64
		{24F963D4-12CA-4555-81E0-FDB145DEB60F}.Release|x64.Build.0 = Release|x64
		{24F963D4-12CA-4555-81E0-FDB145DEB60F}.Release|x86.ActiveCfg = Release|Win32
		{24F963D4-12CA-4555-81E0-FDB145DEB60F}.Release|x86.Build.0 = Release|Win32
		{1580E500-14B9-41D2-BDD3-06C3B44748FB}.Debug|x64.ActiveCfg = Debug|x64
		{1580E500-14B9-41D2-BDD3-06C3B44748FB}.Debug|x64.Build.0 = Debug|x64
		{1580E500-14B9-41D2-BDD3-06C3B44748FB}.Debug|x86.ActiveCfg = Debug|Win32
		{1580E500-14B9-41D2-BDD3-06C3B44748FB}.Debug|x86.Build.0 = Debug|Win32
		{1580E500-14B9-41D2-BDD3-06C3B44748FB}.Release|x64.ActiveCfg = Release|x64
		{1580E500-14B9-41D2-BDD3-06C3B44748FB}.Release|x64.Build.0 = Release|x64
		{1580E500-14B9-41D2-BDD3-06C3B44748FB}.Release|x86.ActiveCfg = Release|Win32
		{1580E500-14B9-41D2-BDD3-06C3B44748FB}.Release|x86.Build.0 = Release|Win32
		{5F9CD360-9A1C-48FB-899B-1491EE13DE15}.Debug|x64.ActiveCfg = Debug|x64
		{5F9CD360-9A1C-48FB-899B-1491EE13DE15}.Debug|x64.Build.0 = Debug|x64
		{5F9CD360-9A1C-48FB-899B-1491EE13DE15}.Debug|x86.ActiveCfg = Debug|Win32
		{5F9CD360-9A1C-48FB-899B-1491EE13DE15}.Debug|x86.Build.0 = Debug|Win32
		{5F9CD360-9A1C-48FB-899B-1491EE13DE15}.Release|x64.ActiveCfg = Release|x64
		{5F9CD360-9A1C-48FB-899B-1491EE13DE15}.Release|x64.Build.0 = Release|x64
		{5F9CD360-9A1C-48FB-899B-1491EE13DE15}.Release|x86.ActiveCfg = Release|Win32
		{5F9CD360-9A1C-48FB-899B-1491EE13DE15}.Release|x86.Build.0 = Release|Win32
		{0C485457-FC75-415D-9D04-101F68C7F882}.Debug|x64.ActiveCfg = Debug|x64
		{0C485457-FC75-415D-9D04-101F68C7F882}.Debug|x64.Build.0 = Debug|x64
		{0C485457-FC75-415D-9D04-101F68C7F882}.Debug|x86.ActiveCfg = Debug|Win32
		{0C485457-FC75-415D-9D04-101F68C7F882}.Debug|x86.Build.0 = Debug|Win32
		{0C485457-FC75-415D-9D04-101F68C7F882}.Release|x64.ActiveCfg = Release|x64
		{0C485457-FC75-415D-9D04-101F68C7F882}.Release|x64.Build.0 = Release|x64
		{0C485457-FC75-415D-9D04-101F68C7F882}.Release|x86.ActiveCfg = Release|Win32
		{0C485457-FC75-415D-9D04-101F68C7F882}.Release|x86.Build.0 = Release|Win32
		{5FB159D6-6E27-4A38-8334-EA26696A1777}.Debug|x64.ActiveCfg = Debug|x64
		{5FB159D6-6E27-4A38-8334-EA26696A1777}.Debug|x64.Build.0 = Debug|x64
		{5FB159D6-6E27-4A38-8334-EA26696A1777}.Debug|x86.ActiveCfg = Debug|Win32
		{5FB159D6-6E27-4A38-8334-EA26696A1777}.Debug|x86.Build.0 = Debug|Win32
		{5FB159D6-6E27-4A38-8334-EA26696A1777}.Release|x64.ActiveCfg = Release|x64
		{5FB159D6-6E27-4A38-8334-EA26696A1777}.Release|x64.Build.0 = Release|x64
		{5FB159D6-6E27-4A38-8334-EA26696A1777}.Release|x86.ActiveCfg = Release|Win32
		{5FB159D6-6E27-4A38-8334-EA26696A1777}.Release|x86.Build.0 = Release|Win32
		{3D06D627-B0B9-4C90-A389-DE35ADECC7AD}.Debug|x64.ActiveCfg = Debug|x64
		{3D06D627-B0B9-4C90-A389-DE35ADECC7AD}.Debug|x64.Build.0 = Debug|x64
		{3D06D627-B0B9-4C90-A389-DE35ADECC7AD}.Debug|x86.ActiveCfg = Debug|Win32
		{3D06D627-B0B9-4C90-A389-DE35ADECC7AD}.Debug|x86.Build.0 = Debug|Win32
		{3D06D627-B0B9-4C90-A389-DE35ADECC7AD}.Release|x64.ActiveCfg = Release|x64
		{3D06D627-B0B9-4C90-A389-DE35ADECC7AD}.Release|x64.Build.0 = Release|x64
		{3D06D627-B0B9-4C90-A389-DE35ADECC7AD}.Release|x86.ActiveCfg = Release|Win32
		{3D06D627-B0B9-4C90-A389-DE35ADECC7AD}.Release|x86.Build.0 = Release|Win32
		{9ED2702D-4E9E-4708-B0B8-B277BCCADA11}.Debug|x64.ActiveCfg = Debug|x64
		{9ED2702D-4E9E-4708-B0B8-B277BCCADA11}.Debug|x64.Build.0 = Debug|x64
		{9ED2702D-4E9E-4708-B0B8-B277BCCADA11}.Debug|x86.ActiveCfg = Debug|Win32
		{9ED2702D-4E9E-4708-B0B8-B277BCCADA11}.Debug|x86.Build.0 = Debug|Win32
		{9ED2702D-4E9E-4708-B0B8-B277BCCADA11}.Release|x64.ActiveCfg = Release|x64
		{9ED2702D-4E9E-4708-B0B8-B277BCCADA11}.Release|x64.Build.0 = Release|x64
		{9ED2702D-4E9E-4708-B0B8-B277BCCADA11}.Release|x86.ActiveCfg = Release|Win32
		{9ED2702D-4E9E-4708-B0B8-B277BCCADA11}.Release|x86.Build.0 = Release|Win32
		{F1CBEA6E-59C1-433B-AC25-AD7296DB82D7}.Debug|x64.ActiveCfg = Debug|x64
		{F1CBEA6E-59C1-433B-AC25-AD7296DB82D7}.Debug|x64.Build.0 = Debug|x64
		{F1CBEA6E-59C1-433B-AC25-AD7296DB82D7}.Debug|x86.ActiveCfg = Debug|Win32
		{F1CBEA6E-59C1-433B-AC25-AD7296DB82D7}.Debug|x86.Build.0 = Debug|Win32
		{F1CBEA6E-59C1-433B-AC25-AD7296DB82D7}.Release|x64.ActiveCfg = Release|x64
		{F1CBEA6E-59C1-433B-AC25-AD7296DB82D7}.Release|x64.Build.0 = Release|x64
		{F1CBEA6E-59C1-433B-AC25-AD7296DB82D7}.Release|x86.ActiveCfg = Release|Win32
		{F1CBEA6E-59C1-433B-AC25-AD7296DB82D7}.Release|x86.Build.0 = Release|Win32
		{337CE15B-C7A7-422C-8CC7-1CD8D6BA269D}.Debug|x64.ActiveCfg = Debug|x64
		{337CE15B-C7A7-422C-8CC7-1CD8D6BA269D}.Debug|x64.Build.0 = Debug|x64
		{337CE15B-C7A7-422C-8CC7-1CD8D6BA269D}.Debug|x86.ActiveCfg = Debug|Win32
		{337CE15B-C7A7-422C-8CC7-1CD8D6BA269D}.Debug|x86.Build.0 = Debug|Win32
		{337CE15B-C7A7-422C-8CC7-1CD8D6BA269D}.Release|x64.ActiveCfg = Release|x64
		{337CE15B-C7A7-422C-8CC7-1CD8D6BA269D}.Release|x64.Build.0 = Release|x64
		{337CE15B-C7A7-422C-8CC7-1CD8D6BA269D}.Release|x86.ActiveCfg = Release|Win32
		{337CE15B-C7A7-422C-8CC7-1CD8D6BA269D}.Release|x86.Build.0 = Release|Win32
		{D6800248-F5FD-4F3E-ABAE-FD160CE7B09C}.Debug|x64.ActiveCfg = Debug|x64
		{D6800248-F5FD-4F3E-ABAE-FD160CE7B09C}.Debug|x64.Build.0 = Debug|x64
		{D6800248-F5FD-4F3E-ABAE-FD160CE7B09C}.Debug|x86.ActiveCfg = Debug|Win32
		{D6800248-F5FD-4F3E-ABAE-FD160CE7B09C}.Debug|x86.Build.0 = Debug|Win32
		{D6800248-F5FD-4F3E-ABAE-FD160CE7B09C}.Release|x64.ActiveCfg = Release|x64
		{D6800248-F5FD-4F3E-ABAE-FD160CE7B09C}.Release|x64.Build.0 = Release|x64
		{D6800248-F5FD-4F3E-ABAE-FD160CE7B09C}.Release|x86.ActiveCfg = Release|Win32
		{D6800248-F5FD-4F3E-ABAE-FD160CE7B09C}.Release|x86.Build.0 = Release|Win32
		{728E7E5B-CD0A-445A-96EA-F28C5398C306}.Debug|x64.ActiveCfg = Debug|x64
		{728E7E5B-CD0A-445A-96EA-F28C5398C306}.Debug|x64.Build.0 = Debug|x64
		{728E7E5B-CD0A-445A-96EA-F28C5398C306}.Debug|x86.ActiveCfg = Debug|Win32
		{728E7E5B-CD0A-445A-96EA-F28C5398C306}.Debug|x86.Build.0 = Debug|Win32
		{728E7E5B-CD0A-445A-96EA-F28C5398C306}.Release|x64.ActiveCfg = Release|x64
		{728E7E5B-CD0A-445A-96EA-F28C5398C306}.Release|x64.Build.0 = Release|x64
		{728E7E5B-CD0A-445A-96EA-F28C5398C306}.Release|x86.ActiveCfg = Release|Win32
		{728E7E5B-CD0A-445A-96EA-F28C5398C306}.Release|x86.Build.0 = Release|Win32
		{3EA7ECF0-61B4-4ABF-94B9-1FFA47446245}.Debug|x64.ActiveCfg = Debug|x64
		{3EA7ECF0-61B4-4ABF-94B9-1FFA47446245}.Debug|x64.Build.0 = Debug|x64
		{3EA7ECF0-61B4-4ABF-94B9-1FFA47446245}.Debug|x86.ActiveCfg = Debug|Win32
		{3EA7ECF0-61B4-4ABF-94B9-1FFA47446245}.Debug|x86.Build.0 = Debug|Win32
		{3EA7ECF0-61B4-4ABF-94B9-1FFA47446245}.Release|x64.ActiveCfg = Release|x64
		{3EA7ECF0-61B4-4ABF-94B9-1FFA47446245}.Release|x64.Build.0 = Release|x64
		{3EA7ECF0-61B4-4ABF-94B9-1FFA47446245}.Release|x86.ActiveCfg = Release|Win32
		{3EA7ECF0-61B4-4ABF-94B9-1FFA47446245}.Release|x86.Build.0 = Release|Win32
		{F98B614B-6326-4623-BDC0-F54975908469}.Debug|x64.ActiveCfg = Debug|x64
		{F98B614B-6326-4623-BDC0-F54975908469}.Debug|x64.Build.0 = Debug|x64
		{F98B614B-6326-4623-BDC0-F54975908469}.Debug|x86.ActiveCfg = Debug|Win32
		{F98B614B-6326-4623-BDC0-F54975908469}.Debug|x86.Build.0 = Debug|Win32
		{F98B614B-6326-4623-BDC0-F54975908469}.Release|x64.ActiveCfg = Release|x64
		{F98B614B-6326-4623-BDC0-F54975908469}.Release|x64.Build.0 = Release|x64
		{F98B614B-6326-4623-BDC0-F54975908469}.Release|x86.ActiveCfg = Release|Win32
		{F98B614B-6326-4623-BDC0-F54975908469}.Release|x86.Build.0 = Release|Win32
		{CD18084A-2C01-4849-B626-53C90AFEB5A1}.Debug|x64.ActiveCfg = Debug|x64
		{CD18084A-2C01-4849-B626-53C90AFEB5A1}.Debug|x64.Build.0 = Debug|x64
		{CD18084A-2C01-4849-B626-53C90AFEB5A1}.Debug|x86.ActiveCfg = Debug|Win32
		{CD18084A-2C01-4849-B626-53C90AFEB5A1}.Debug|x86.Build.0 = Debug|Win32
		{CD18084A-2C01-4849-B626-53C90AFEB5A1}.Release|x64.ActiveCfg = Release|x64
		{CD18084A-2C01-4849-B626-53C90AFEB5A1}.Release|x64.Build.0 = Release|x64
		{CD18084A-2C01-4849-B626-53C90AFEB5A1}.Release|x86.ActiveCfg = Release|Win32
		{CD18084A-2C01-4849-B626-53C90AFEB5A1}.Release|x86.Build.0 = Release|Win32
		{00E6796D-5A4C-4AC3-BA42-2AB58BB27DBB}.Debug|x64.ActiveCfg = Debug|x64
		{00E6796D-5A4C-4AC3-BA42-2AB58BB27DBB}.Debug|x64.Build.0 = Debug|x64
		{00E6796D-5A4C-4AC3-BA42-2AB58BB27DBB}.Debug|x86.ActiveCfg = Debug|Win32
		{00E6796D-5A4C-4AC3-BA42-2AB58BB27DBB}.Debug|x86.Build.0 = Debug|Win32
		{00E6796D-5A4C-4AC3-BA42-2AB58BB27DBB}.Release|x64.ActiveCfg = Release|x64
		{00E6796D-5A4C-4AC3-BA42-2AB58BB27DBB}.Release|x64.Build.0 = Release|x64
		{00E6796D-5A4C-4AC3-BA42-2AB58BB27DBB}.Release|x86.ActiveCfg = Release|Win32
		{00E6796D-5A4C-4AC3-BA42-2AB58BB27DBB}.Release|x86.Build.0 = Release|Win32
		{235FA074-9391-408C-99E9-8856D032A9E4}.Debug|x64.ActiveCfg = Debug|x64
		{235FA074-9391-408C-99E9-8856D032A9E4}.Debug|x64.Build.0 = Debug|x64
		{235FA074-9391-408C-99E9-8856D032A9E4}.Debug|x86.ActiveCfg = Debug|Win32
		{235FA074-9391-408C-99E9-8856D032A9E4}.Debug|x86.Build.0 = Debug|Win32
		{235FA074-9391-408C-99E9-8856D032A9E4}.Release|x64.ActiveCfg = Release|x64
		{235FA074-9391-408C-99E9-8856D032A9E4}.Release|x64.Build.0 = Release|x64
		{235FA074-9391-408C-99E9-8856D032A9E4}.Release|x86.ActiveCfg = Release|Win32
		{235FA074-9391-408C-99E9-8856D032A9E4}.Release|x86.Build.0 = Release|Win32
		{9B7E539E-A6E4-41A6-8754-38746632E120}.Debug|x64.ActiveCfg = Debug|x64
		{9B7E539E-A6E4-41A6-8754-38746632E120}.Debug|x64.Build.0 = Debug|x64
		{9B7E539E-A6E4-41A6-8754-38746632E120}.Debug|x86.ActiveCfg = Debug|Win32
		{9B7E539E-A6E4-41A6-8754-38746632E120}.Debug|x86.Build.0 = Debug|Win32
		{9B7E539E-A6E4-41A6-8754-38746632E120}.Release|x64.ActiveCfg = Release|x64
		{9B7E539E-A6E4-41A6-8754-38746632E120}.Release|x64.Build.0 = Release|x64
		{9B7E539E-A6E4-41A6-8754-38746632E120}.Release|x86.ActiveCfg = Release|Win32
		{9B7E539E-A6E4-41A6-8754-38746632E120}.Release|x86.Build.0 = Release|Win32
		{EA4A2E12-50D3-48D7-8CEF-42A2A17279FB}.Debug|x64.ActiveCfg = Debug|x64
		{EA4A2E12-50D3-48D7-8CEF-42A2A17279FB}.Debug|x64.Build.0 = Debug|x64
		{EA4A2E12-50D3-48D7-8CEF-42A2A17279FB}.Debug|x86.ActiveCfg = Debug|Win32
		{EA4A2E12-50D3-48D7-8CEF-42A2A17279FB}.Debug|x86.Build.0 = Debug|Win32
		{EA4A2E12-50D3-48D7-8CEF-42A2A17279FB}.Release|x64.ActiveCfg = Release|x64
		{EA4A2E12-50D3-48D7-8CEF-42A2A17279FB}.Release|x64.Build.0 = Release|x64
		{EA4A2E12-50D3-48D7-8CEF-42A2A17279FB}.Release|x86.ActiveCfg = Release|Win32
		{EA4A2E12-50D3-48D7-8CEF-42A2A17279FB}.Release|x86.Build.0 = Release|Win32
		{65B63983-2885-4FC0-B101-688DCF108A30}.Debug|x64.ActiveCfg = Debug|x64
		{65B63983-2885-4FC0-B101-688DCF108A30}.Debug|x64.Build.0 = Debug|x64
		{65B63983-2885-4FC0-B101-688DCF108A30}.Debug|x86.ActiveCfg = Debug|Win32
		{65B63983-2885-4FC0-B101-688DCF108A30}.Debug|x86.Build.0 = Debug|Win32
		{65B63983-2885-4FC0-B101-688DCF108A30}.Release|x64.ActiveCfg = Release|x64
		{65B63983-2885-4FC0-B101-688DCF108A30}.Release|x64.Build.0 = Release|x64
		{65B63983-2885-4FC0-B101-688DCF108A30}.Release|x86.ActiveCfg = Release|Win32
		{65B63983-2885-4FC0-B101-688DCF108A30}.Release|x86.Build.0 = Release|Win32
		{D14D8CFF-48E0-4C2B-960B-C9685B1A48D5}.Debug|x64.ActiveCfg = Debug|x64
		{D14D8CFF-48E0-4C2B-960B-C9685B1A48D5}.Debug|x64.Build.0 = Debug|x64
		{D14D8CFF-48E0-4C2B-960B-C9685B1A48D5}.Debug|x86.ActiveCfg = Debug|Win32
		{D14D8CFF-48E0-4C2B-960B-C9685B1A48D5}.Debug|x86.Build.0 = Debug|Win32
		{D14D8CFF-48E0-4C2B-960B-C9685B1A48D5}.Release|x64.ActiveCfg = Release|x64
		{D14D8CFF-48E0-4C2B-960B-C9685B1A48D5}.Release|x64.Build.0 = Release|x64
		{D14D8CFF-48E0-4C2B-960B-C9685B1A48D5}.Release|x86.ActiveCfg = Release|Win32
		{D14D8CFF-48E0-4C2B-960B-C9685B1A48D5}.Release|x86.Build.0 = Release|Win32
		{8F958676-7021-4F20-B239-33DD988F080C}.Debug|x64.ActiveCfg = Debug|x64
		{8F958676-7021-4F20-B239-33DD988F080C}.Debug|x64.Build.0 = Debug|x64
		{8F958676-7021-4F20-B239-33DD988F080C}.Debug|x86.ActiveCfg = Debug|Win32
		{8F958676-7021-4F20-B239-33DD988F080C}.Debug|x86.Build.0 = Debug|Win32
		{8F958676-7021-4F20-B239-33DD988F080C}.Release|x64.ActiveCfg = Release|x64
		{8F958676-7021-4F20-B239-33DD988F080C}.Release|x64.Build.0 = Release|x64
		{8F958676-7021-4F20-B239-33DD988F080C}.Release|x86.ActiveCfg = Release|Win32
		{8F958676-7021-4F20-B239-33DD988F080C}.Release|x86.Build.0 = Release|Win32
		{6022DB6C-8C35-47BF-96F6-4A468CDC35B1}.Debug|x64.ActiveCfg = Debug|x64
		{6022DB6C-8C35-47BF-96F6-4A468CDC35B1}.Debug|x64.Build.0 = Debug|x64
		{6022DB6C-8C35-47BF-96F6-4A468CDC35B1}.Debug|x86.ActiveCfg = Debug|Win32
		{6022DB6C-8C35-47BF-96F6-4A468CDC35B1}.Debug|x86.Build.0 = Debug|Win32
		{6022DB6C-8C35-47BF-96F6-4A468CDC35B1}.Release|x64.ActiveCfg = Release|x64
		{6022DB6C-8C35-47BF-96F6-4A468CDC35B1}.Release|x64.Build.0 = Release|x64
		{6022DB6C-8C35-47BF-96F6-4A468CDC35B1}.Release|x86.ActiveCfg = Release|Win32
		{6022DB6C-8C35-47BF-96F6-4A468CDC35B1}.Release|x86.Build.0 = Release|Win32
		{B886C7AB-7158-4E33-8DC3-ADFC5458BA35}.Debug|x64.ActiveCfg = Debug|x64
		{B886C7AB-7158-4E33-8DC3-ADFC5458BA35}.Debug|x64.Build.0 = Debug|x64
		{B886C7AB-7158-4E33-8DC3-ADFC5458BA35}.Debug|x86.ActiveCfg = Debug|Win32
		{B886C7AB-7158-4E33-8DC3-ADFC5458BA35}.Debug|x86.Build.0 = Debug|Win32
		{B886C7AB-7158-4E33-8DC3-ADFC5458BA35}.Release|x64.ActiveCfg = Release|x64
		{B886C7AB-7158-4E33-8DC3-ADFC5458BA35}.Release|x64.Build.0 = Release|x64
		{B886C7AB-7158-4E33-8DC3-ADFC5458BA35}.Release|x86.ActiveCfg = Release|Win32
		{B886C7AB-7158-4E33-8DC3-ADFC5458BA35}.Release|x86.Build.0 = Release|Win32
		{8BBADA04-BF3D-405F-BBCA-849315B3ECBC}.Debug|x64.ActiveCfg = Debug|x64
		{8BBADA04-BF3D-405F-BBCA-849315B3ECBC}.Debug|x64.Build.0 = Debug|x64
		{8BBADA04-BF3D-405F-BBCA-849315B3ECBC}.Debug|x86.ActiveCfg = Debug|Win32
		{8BBADA04-BF3D-405F-BBCA-849315B3ECBC}.Debug|x86.Build.0 = Debug|Win32
		{8BBADA04-BF3D-405F-BBCA-849315B3ECBC}.Release|x64.ActiveCfg = Release|x64
		{8BBADA04-BF3D-405F-BBCA-849315B3ECBC}.Release|x64.Build.0 = Release|x64
		{8BBADA04-BF3D-405F-BBCA-849315B3ECBC}.Release|x86.ActiveCfg = Release|Win32
		{8BBADA04-BF3D-405F-BBCA-849315B3ECBC}.Release|x86.Build.0 = Release|Win32
		{15F44406-5066-40BD-A9A5-E5AB24E53A0D}.Debug|x64.ActiveCfg = Debug|x64
		{15F44406-5066-40BD-A9A5-E5AB24E53A0D}.Debug|x64.Build.0 = Debug|x64
		{15F44406-5066-40BD-A9A5-E5AB24E53A0D}.Debug|x86.ActiveCfg = Debug|Win32
		{15F44406-5066-40BD-A9A5-E5AB24E53A0D}.Debug|x86.Build.0 = Debug|Win32
		{15F44406-5066-40BD-A9A5-E5AB24E53A0D}.Release|x64.ActiveCfg = Release|x64
		{15F44406-5066-40BD-A9A5-E5AB24E53A0D}.Release|x64.Build.0 = Release|x64
		{15F44406-5066-40BD-A9A5-E5AB24E53A0D}.Release|x86.ActiveCfg = Release|Win32
		{15F44406-5066-40BD-A9A5-E5AB24E53A0D}.Release|x86.Build.0 = Release|Win32
		{BF9C3058-62DD-4508-AD9A-5A2622F69582}.Debug|x64.ActiveCfg = Debug|x64
		{BF9C3058-62DD-4508-AD9A-5A2622F69582}.Debug|x64.Build.0 = Debug|x64
		{BF9C3058-62DD-4508-AD9A-5A2622F69582}.Debug|x86.ActiveCfg = Debug|Win32
		{BF9C3058-62DD-4508-AD9A-5A2622F69582}.Debug|x86.Build.0 = Debug|Win32
		{BF9C3058-62DD-4508-AD9A-5A2622F69582}.Release|x64.ActiveCfg = Release|x64
		{BF9C3058-62DD-4508-AD9A-5A2622F69582}.Release|x64.Build.0 = Release|x64
		{BF9C3058-62DD-4508-AD9A-5A2622F69582}.Release|x86.ActiveCfg = Release|Win32
		{BF9C3058-62DD-4508-AD9A-5A2622F69582}.Release|x86.Build.0 = Release|Win32
		{32D73F49-1D20-4F46-AF30-6E45CF5E2B69}.Debug|x64.ActiveCfg = Debug|x64
		{32D73F49-1D20-4F46-AF30-6E45CF5E2B69}.Debug|x64.Build.0 = Debug|x64
		{32D73F49-1D20-4F46-AF30-6E45CF5E2B69}.Debug|x86.ActiveCfg = Debug|Win32
		{32D73F49-1D20-4F46-AF30-6E45CF5E2B69}.Debug|x86.Build.0 = Debug|Win32
		{32D73F49-1D20-4F46-AF30-6E45CF5E2B69}.Release|x64.ActiveCfg = Release|x64
		{32D73F49-1D20-4F46-AF30-6E45CF5E2B69}.Release|x64.Build.0 = Release|x64
		{32D73F49-1D20-4F46-AF30-6E45CF5E2B69}.Release|x86.ActiveCfg = Release|Win32
		{32D73F49-1D20-4F46-AF30-6E45CF5E2B69}.Release|x86.Build.0 = Release|Win32
		{CE30783B-F448-4741-BA99-6FEBC1103A27}.Debug|x64.ActiveCfg = Debug|x64
		{CE30783B-F448-4741-BA99-6FEBC1103A27}.Debug|x64.Build.0 = Debug|x64
		{CE30783B-F448-4741-BA99-6FEBC1103A27}.Debug|x86.ActiveCfg = Debug|Win32
		{CE30783B-F448-4741-BA99-6FEBC1103A27}.Debug|x86.Build.0 = Debug|Win32
		{CE30783B-F448-4741-BA99-6FEBC1103A27}.Release|x64.ActiveCfg = Release|x64
		{CE30783B-F448-4741-BA99-6FEBC1103A27}.Release|x64.Build.0 = Release|x64
		{CE30783B-F448-4741-BA99-6FEBC1103A27}.Release|x86.ActiveCfg = Release|Win32
		{CE30783B-F448-4741-BA99-6FEBC1103A27}.Release|x86.Build.0 = Release|Win32
		{F5D0CFA0-1F75-4130-8F12-91750C88CAF7}.Debug|x64.ActiveCfg = Debug|x64
		{F5D0CFA0-1F75-4130-8F12-91750C88CAF7}.Debug|x64.Build.0 = Debug|x64
		{F5D0CFA0-1F75-4130-8F12-91750C88CAF7}.Debug|x86.ActiveCfg = Debug|Win32
		{F5D0CFA0-1F75-4130-8F12-91750C88CAF7}.Debug|x86.Build.0 = Debug|Win32
		{F5D0CFA0-1F75-4130-8F12-91750C88CAF7}.Release|x64.ActiveCfg = Release|x64
		{F5D0CFA0-1F75-4130-8F12-91750C88CAF7}.Release|x64.Build.0 = Release|x64
		{F5D0CFA0-1F75-4130-8F12-91750C88CAF7}.Release|x86.ActiveCfg = Release|Win32
		{F5D0CFA0-1F75-4130-8F12-91750C88CAF7}.Release|x86.Build.0 = Release|Win32
		{251D9912-D136-4244-87D7-01E0CAE72E21}.Debug|x64.ActiveCfg = Debug|x64
		{251D9912-D136-4244-87D7-01E0CAE72E21}.Debug|x64.Build.0 = Debug|x64
		{251D9912-D136-4244-87D7-01E0CAE72E21}.Debug|x86.ActiveCfg = Debug|Win32
		{251D9912-D136-4244-87D7-01E0CAE72E21}.Debug|x86.Build.0 = Debug|Win32
		{251D9912-D136-4244-87D7-01E0CAE72E21}.Release|x64.ActiveCfg = Release|x64
		{251D9912-D136-4244-87D7-01E0CAE72E21}.Release|x64.Build.0 = Release|x64
		{251D9912-D136-4244-87D7-01E0CAE72E21}.Release|x86.ActiveCfg = Release|Win32
		{251D9912-D136-4244-87D7-01E0CAE72E21}.Release|x86.Build.0 = Release|Win32
		{D52837E7-5B56-4C2E-BF11-48CD6027C26C}.Debug|x64.ActiveCfg = Debug|x64
		{D52837E7-5B56-4C2E-BF11-48CD6027C26C}.Debug|x64.Build.0 = Debug|x64
		{D52837E7-5B56-4C2E-BF11-48CD6027C26C}.Debug|x86.ActiveCfg = Debug|Win32
		{D52837E7-5B56-4C2E-BF11-48CD6027C26C}.Debug|x86.Build.0 = Debug|Win32
		{D52837E7-5B56-4C2E-BF11-48CD6027C26C}.Release|x64.ActiveCfg = Release|x64
		{D52837E7-5B56-4C2E-BF11-48CD6027C26C}.Release|x64.Build.0 = Release|x64
		{D52837E7-5B56-4C2E-BF11-48CD6027C26C}.Release|x86.ActiveCfg = Release|Win32
		{D52837E7-5B56-4C2E-BF11-48CD6027C26C}.Release|x86.Build.0 = Release|Win32
		{0104437F-A86D-46FB-87DD-52D59E6E0243}.Debug|x64.ActiveCfg = Debug|x64
		{0104437F-A86D-46FB-87DD-52D59E6E0243}.Debug|x64.Build.0 = Debug|x64
		{0104437F-A86D-46FB-87DD-52D59E6E0243}.Debug|x86.ActiveCfg = Debug|Win32
		{0104437F-A86D-46FB-87DD-52D59E6E0243}.Debug|x86.Build.0 = Debug|Win32
		{0104437F-A86D-46FB-87DD-52D59E6E0243}.Release|x64.ActiveCfg = Release|x64
		{0104437F-A86D-46FB-87DD-52D59E6E0243}.Release|x64.Build.0 = Release|x64
		{0104437F-A86D-46FB-87DD-52D59E6E0243}.Release|x86.ActiveCfg = Release|Win32
		{0104437F-A86D-46FB-87DD-52D59E6E0243}.Release|x86.Build.0 = Release|Win32
		{73C3B5BC-B77A-489E-9F40-CDE941894140}.Debug|x64.ActiveCfg = Debug|x64
		{73C3B5BC-B77A-489E-9F40-CDE941894140}.Debug|x64.Build.0 = Debug|x64
		{73C3B5BC-B77A-489E-9F40-CDE941894140}.Debug|x86.ActiveCfg = Debug|Win32
		{73C3B5BC-B77A-489E-9F40-CDE941894140}.Debug|x86.Build.0 = Debug|Win32
		{73C3B5BC-B77A-489E-9F40-CDE941894140}.Release|x64.ActiveCfg = Release|x64
		{73C3B5BC-B77A-489E-9F40-CDE941894140}.Release|x64.Build.0 = Release|x64
		{73C3B5BC-B77A-489E-9F40-CDE941894140}.Release|x86.ActiveCfg = Release|Win32
		{73C3B5BC-B77A-489E-9F40-CDE941894140}.Release|x86.Build.0 = Release|Win32
		{BDDE7185-174E-479C-B085-5A05715A9F76}.Debug|x64.ActiveCfg = Debug|x64
		{BDDE7185-174E-479C-B085-5A05715A9F76}.Debug|x64.Build.0 = Debug|x64
		{BDDE7185-174E-479C-B085-5A05715A9F76}.Debug|x86.ActiveCfg = Debug|Win32
		{BDDE7185-174E-479C-B085-5A05715A9F76}.Debug|x86.Build.0 = Debug|Win32
		{BDDE7185-174E-479C-B085-5A05715A9F76}.Release|x64.ActiveCfg = Release|x64
		{BDDE7185-174E-479C-B085-5A05715A9F76}.Release|x64.Build.0 = Release|x64
		{BDDE7185-174E-479C-B085-5A05715A9F76}.Release|x86.ActiveCfg = Release|Win32
		{BDDE7185-174E-479C-B085-5A05715A9F76}.Release|x86.Build.0 = Release|Win32
		{7EDBAEC4-CA71-4E07-B888-C7D62CBD09D4}.Debug|x64.ActiveCfg = Debug|x64
		{7EDBAEC4-CA71-4E07-B888-C7D62CBD09D4}.Debug|x64.Build.0 = Debug|x64
		{7EDBAEC4-CA71-4E07-B888-C7D62CBD09D4}.Debug|x86.ActiveCfg = Debug|Win32
		{7EDBAEC4-CA71-4E07-B888-C7D62CBD09D4}.Debug|x86.Build.0 = Debug|Win32
		{7EDBAEC4-CA71-4E07-B888-C7D62CBD09D4}.Release|x64.ActiveCfg = Release|x64
		{7EDBAEC4-CA71-4E07-B888-C7D62CBD09D4}.Release|x64.Build.0 = Release|x64
		{7EDBAEC4-CA71-4E07-B888-C7D62CBD09D4}.Release|x86.ActiveCfg = Release|Win32
		{7EDBAEC4-CA71-4E07-B888-C7D62CBD09D4}.Release|x86.Build.0 = Release|Win32
		{86E6DD25-64F8-43AD-954F-AE1A8A4FBDA5}.Debug|x64.ActiveCfg = Debug|x64
		{86E6DD25-64F8-43AD-954F-AE1A8A4FBDA5}.Debug|x64.Build.0 = Debug|x64
		{86E6DD25-64F8-43AD-954F-AE1A8A4FBDA5}.Debug|x86.ActiveCfg = Debug|Win32
		{86E6DD25-64F8-43AD-954F-AE1A8A4FBDA5}.Debug|x86.Build.0 = Debug|Win32
		{86E6DD25-64F8-43AD-954F-AE1A8A4FBDA5}.Release|x64.ActiveCfg = Release|x64
		{86E6DD25-64F8-43AD-954F-AE1A8A4FBDA5}.Release|x64.Build.0 = Release|x64
		{86E6DD25-64F8-43AD-954F-AE1A8A4FBDA5}.Release|x86.ActiveCfg = Release|Win32
		{86E6DD25-64F8-43AD-954F-AE1A8A4FBDA5}.Release|x86.Build.0 = Release|Win32
		{86F0C5AB-CC32-4C6D-8A6C-796D5F761724}.Debug|x64.ActiveCfg = Debug|x64
		{86F0C5AB-CC32-4C6D-8A6C-796D5F761724}.Debug|x64.Build.0 = Debug|x64
		{86F0C5AB-CC32-4C6D-8A6C-796D5F761724}.Debug|x86.ActiveCfg = Debug|Win32
		{86F0C5AB-CC32-4C6D-8A6C-796D5F761724}.Debug|x86.Build.0 = Debug|Win32
		{86F0C5AB-CC32-4C6D-8A6C-796D5F761724}.Release|x64.ActiveCfg = Release|x64
		{86F0C5AB-CC32-4C6D-8A6C-796D5F761724}.Release|x64.Build.0 = Release|x64
		{86F0C5AB-CC32-4C6D-8A6C-796D5F761724}.Release|x86.ActiveCfg = Release|Win32
		{86F0C5AB-CC32-4C6D-8A6C-796D5F761724}.Release|x86.Build.0 = Release|Win32
		{E2EF4D75-3154-4970-A423-4DB8460229BE}.Debug|x64.ActiveCfg = Debug|x64
		{E2EF4D75-3154-4970-A423-4DB8460229BE}.Debug|x64.Build.0 = Debug|x64
		{E2EF4D75-3154-4970-A423-4DB8460229BE}.Debug|x86.ActiveCfg = Debug|Win32
		{E2EF4D75-3154-4970-A423-4DB8460229BE}.Debug|x86.Build.0 = Debug|Win32
		{E2EF4D75-3154-4970-A423-4DB8460229BE}.Release|x64.ActiveCfg = Release|x64
		{E2EF4D75-3154-4970-A423-4DB8460229BE}.Release|x64.Build.0 = Release|x64
		{E2EF4D75-3154-4970-A423-4DB8460229BE}.Release|x86.ActiveCfg = Release|Win32
		{E2EF4D75-3154-4970-A423-4DB8460229BE}.Release|x86.Build.0 = Release|Win32
		{EC0D9063-635F-4FB8-B3C1-9949D0AD23D3}.Debug|x64.ActiveCfg = Debug|x64
		{EC0D9063-635F-4FB8-B3C1-9949D0AD23D3}.Debug|x64.Build.0 = Debug|x64
		{EC0D9063-635F-4FB8-B3C1-9949D0AD23D3}.Debug|x86.ActiveCfg = Debug|Win32
		{EC0D9063-635F-4FB8-B3C1-9949D0AD23D3}.Debug|x86.Build.0 = Debug|Win32
		{EC0D9063-635F-4FB8-B3C1-9949D0AD23D3}.Release|x64.ActiveCfg = Release|x64
		{EC0D9063-635F-4FB8-B3C1-9949D0AD23D3}.Release|x64.Build.0 = Release|x64
		{EC0D9063-635F-4FB8-B3C1-9949D0AD23D3}.Release|x86.ActiveCfg = Release|Win32
		{EC0D9063-635F-4FB8-B3C1-9949D0AD23D3}.Release|x86.Build.0 = Release|Win32
		{1AD7A7C0-0AFA-4AAC-A15E-CE91BE5E15E8}.Debug|x64.ActiveCfg = Debug|x64
		{1AD7A7C0-0AFA-4AAC-A15E-CE91BE5E15E8}.Debug|x64.Build.0 = Debug|x64
		{1AD7A7C0-0AFA-4AAC-A15E-CE91BE5E15E8}.Debug|x86.ActiveCfg = Debug|Win32
		{1AD7A7C0-0AFA-4AAC-A15E-CE91BE5E15E8}.Debug|x86.Build.0 = Debug|Win32
		{1AD7A7C0-0AFA-4AAC-A15E-CE91BE5E15E8}.Release|x64.ActiveCfg = Release|x64
		{1AD7A7C0-0AFA-4AAC-A15E-CE91BE5E15E8}.Release|x64.Build.0 = Release|x64
		{1AD7A7C0-0AFA-4AAC-A15E-CE91BE5E15E8}.Release|x86.ActiveCfg = Release|Win32
		{1AD7A7C0-0AFA-4AAC-A15E-CE91BE5E15E8}.Release|x86.Build.0 = Release|Win32
		{2975DF1F-A89A-46AB-8D08-BF64A813457D}.Debug|x64.ActiveCfg = Debug|x64
		{2975DF1F-A89A-46AB-8D08-BF64A813457D}.Debug|x64.Build.0 = Debug|x64
		{2975DF1F-A89A-46AB-8D08-BF64A813457D}.Debug|x86.ActiveCfg = Debug|Win32
		{2975DF1F-A89A-46AB-8D08-BF64A813457D}.Debug|x86.Build.0 = Debug|Win32
		{2975DF1F-A89A-46AB-8D08-BF64A813457D}.Release|x64.ActiveCfg = Release|x64
		{2975DF1F-A89A-46AB-8D08-BF64A813457D}.Release|x64.Build.0 = Release|x64
		{2975DF1F-A89A-46AB-8D08-BF64A813457D}.Release|x86.ActiveCfg = Release|Win32
		{2975DF1F-A89A-46AB-8D08-BF64A813457D}.Release|x86.Build.0 = Release|Win32
		{BEC48262-4A6C-41A7-9A78-084EA222782D}.Debug|x64.ActiveCfg = Debug|x64
		{BEC48262-4A6C-41A7-9A78-084EA222782D}.Debug|x64.Build.0 = Debug|x64
		{BEC48262-4A6C-41A7-9A78-084EA222782D}.Debug|x86.ActiveCfg = Debug|Win32
		{BEC48262-4A6C-41A7-9A78-084EA222782D}.Debug|x86.Build.0 = Debug|Win32
		{BEC48262-4A6C-41A7-9A78-084EA222782D}.Release|x64.ActiveCfg = Release|x64
		{BEC48262-4A6C-41A7-9A78-084EA222782D}.Release|x64.Build.0 = Release|x64
		{BEC48262-4A6C-41A7-9A78-084EA222782D}.Release|x86.ActiveCfg = Release|Win32
		{BEC48262-4A6C-41A7-9A78-084EA222782D}.Release|x86.Build.0 = Release|Win32
		{6DB3CD26-E7CF-42CD-BDD8-85D4FC100701}.Debug|x64.ActiveCfg = Debug|x64
		{6DB3CD26-E7CF-42CD-BDD8-85D4FC100701}.Debug|x64.Build.0 = Debug|x64
		{6DB3CD26-E7CF-42CD-BDD8-85D4FC100701}.Debug|x86.ActiveCfg = Debug|Win32
		{6DB3CD26-E7CF-42CD-BDD8-85D4FC100701}.Debug|x86.Build.0 = Debug|Win32
		{6DB3CD26-E7CF-42CD-BDD8-85D4FC100701}.Release|x64.ActiveCfg = Release|x64
		{6DB3CD26-E7CF-42CD-BDD8-85D4FC100701}.Release|x64.Build.0 = Release|x64
		{6DB3CD26-E7CF-42CD-BDD8-85D4FC100701}.Release|x86.ActiveCfg = Release|Win32
		{6DB3CD26-E7CF-42CD-BDD8-85D4FC100701}.Release|x86.Build.0 = Release|Win32
		{148C01A0-C591-4105-A51B-16042A94A7DD}.Debug|x64.ActiveCfg = Debug|x64
		{148C01A0-C591-4105-A51B-16042A94A7DD}.Debug|x64.Build.0 = Debug|x64
		{148C01A0-C591-4105-A51B-16042A94A7DD}.Debug|x86.ActiveCfg = Debug|Win32
		{148C01A0-C591-4105-A51B-16042A94A7DD}.Debug|x86.Build.0 = Debug|Win32
		{148C01A0-C591-4105-A51B-16042A94A7DD}.Release|x64.ActiveCfg = Release|x64
		{148C01A0-C591-4105-A51B-16042A94A7DD}.Release|x64.Build.0 = Release|x64
		{148C01A0-C591-4105-A51B-16042A94A7DD}.Release|x86.ActiveCfg = Release|Win32
		{148C01A0-C591-4105-A51B-16042A94A7DD}.Release|x86.Build.0 = Release|Win32
		{70847D4D-EAB0-4451-926C-FB025A549F48}.Debug|x64.ActiveCfg = Debug|x64
		{70847D4D-EAB0-4451-926C-FB025A549F48}.Debug|x64.Build.0 = Debug|x64
		{70847D4D-EAB0-4451-926C-FB025A549F48}.Debug|x86.ActiveCfg = Debug|Win32
		{70847D4D-EAB0-4451-926C-FB025A549F48}.Debug|x86.Build.0 = Debug|Win32
		{70847D4D-EAB0-4451-926C-FB025A549F48}.Release|x64.ActiveCfg = Release|x64
		{70847D4D-EAB0-4451-926C-FB025A549F48}.Release|x64.Build.0 = Release|x64
		{70847D4D-EAB0-4451-926C-FB025A549F48}.Release|x86.ActiveCfg = Release|Win32
		{70847D4D-EAB0-4451-926C-FB025A549F48}.Release|x86.Build.0 = Release|Win32
		{C29FFC7C-91B5-426B-BAD6-6EF9AC6DB87B}.Debug|x64.ActiveCfg = Debug|x64
		{C29FFC7C-91B5-426B-BAD6-6EF9AC6DB87B}.Debug|x64.Build.0 = Debug|x64
		{C29FFC7C-91B5-426B-BAD6-6EF9AC6DB87B}.Debug|x86.ActiveCfg = Debug|Win32
		{C29FFC7C-91B5-426B-BAD6-6EF9AC6DB87B}.Debug|x86.Build.0 = Debug|Win32
		{C29FFC7C-91B5-426B-BAD6-6EF9AC6DB87B}.Release|x64.ActiveCfg = Release|x64
		{C29FFC7C-91B5-426B-BAD6-6EF9AC6DB87B}.Release|x64.Build.0 = Release|x64
		{C29FFC7C-91B5-426B-BAD6-6EF9AC6DB87B}.Release|x86.ActiveCfg = Release|Win32
		{C29FFC7C-91B5-426B-BAD6-6EF9AC6DB87B}.Release|x86.Build.0 = Release|Win32
		{82DDAB9C-61DF-486D-97C4-9EEA82547EEC}.Debug|x64.ActiveCfg = Debug|x64
		{82DDAB9C-61DF-486D-97C4-9EEA82547EEC}.Debug|x64.Build.0 = Debug|x64
		{82DDAB9C-61DF-486D-97C4-9EEA82547EEC}.Debug|x86.ActiveCfg = Debug|Win32
		{82DDAB9C-61DF-486D-97C4-9EEA82547EEC}.Debug|x86.Build.0 = Debug|Win32
		{82DDAB9C-61DF-486D-97C4-9EEA82547EEC}.Release|x64.ActiveCfg = Release|x64
		{82DDAB9C-61DF-486D-97C4-9EEA82547EEC}.Release|x64.Build.0 = Release|x64
		{82DDAB9C-61DF-486D-97C4-9EEA82547EEC}.Release|x86.ActiveCfg = Release|Win32
		{82DDAB9C-61DF-486D-97C4-9EEA82547EEC}.Release|x86.Build.0 = Release|Win32
		{A2EAD877-C833-41E3-AEBF-719FB81B784A}.Debug|x64.ActiveCfg = Debug|x64
		{A2EAD877-C833-41E3-AEBF-719FB81B784A}.Debug|x64.Build.0 = Debug|x64
		{A2EAD877-C833-41E3-AEBF-719FB81B784A}.Debug|x86.ActiveCfg = Debug|Win32
		{A2EAD877-C833-41E3-AEBF-719FB81B784A}.Debug|x86.Build.0 = Debug|Win32
		{A2EAD877-C833-41E3-AEBF-719FB81B784A}.Release|x64.ActiveCfg = Release|x64
		{A2EAD877-C833-41E3-AEBF-719FB81B784A}.Release|x64.Build.0 = Release|x64
		{A2EAD877-C833-41E3-AEBF-719FB81B784A}.Release|x86.ActiveCfg = Release|Win32
		{A2EAD877-C833-41E3-AEBF-719FB81B784A}.Release|x86.Build.0 = Release|Win32
		{6C23E0B1-6EB6-453D-A636-049653A94BA4}.Debug|x64.ActiveCfg = Debug|x64
		{6C23E0B1-6EB6-453D-A636-049653A94BA4}.Debug|x64.Build.0 = Debug|x64
		{6C23E0B1-6EB6-453D-A636-049653A94BA4}.Debug|x86.ActiveCfg = Debug|Win32
		{6C23E0B1-6EB6-453D-A636-049653A94BA4}.Debug|x86.Build.0 = Debug|Win32
		{6C23E0B1-6EB6-453D-A636-049653A94BA4}.Release|x64.ActiveCfg = Release|x64
		{6C23E0B1-6EB6-453D-A636-049653A94BA4}.Release|x64.Build.0 = Release|x64
		{6C23E0B1-6EB6-453D-A636-049653A94BA4}.Release|x86.ActiveCfg = Release|Win32
		{6C23E0B1-6EB6-453D-A636-049653A94BA4}.Release|x86.Build.0 = Release|Win32
		{7C63B920-B220-4839-BA70-5F656DF90329}.Debug|x64.ActiveCfg = Debug|x64
		{7C63B920-B220-4839-BA70-5F656DF90329}.Debug|x64.Build.0 = Debug|x64
		{7C63B920-B220-4839-BA70-5F656DF90329}.Debug|x86.ActiveCfg = Debug|Win32
		{7C63B920-B220-4839-BA70-5F656DF90329}.Debug|x86.Build.0 = Debug|Win32
		{7C63B920-B220-4839-BA70-5F656DF90329}.Release|x64.ActiveCfg = Release|x64
		{7C63B920-B220-4839-BA70-5F656DF90329}.Release|x64.Build.0 = Release|x64
		{7C63B920-B220-4839-BA70-5F656DF90329}.Release|x86.ActiveCfg = Release|Win32
		{7C63B920-B220-4839-BA70-5F656DF90329}.Release|x86.Build.0 = Release|Win32
		{E21A8F3F-2A98-4635-BFB5-E9B465E80047}.Debug|x64.ActiveCfg = Debug|x64
		{E21A8F3F-2A98-4635-BFB5-E9B465E80047}.Debug|x64.Build.0 = Debug|x64
		{E21A8F3F-2A98-4635-BFB5-E9B465E80047}.Debug|x86.ActiveCfg = Debug|Win32
		{E21A8F3F-2A98-4635-BFB5-E9B465E80047}.Debug|x86.Build.0 = Debug|Win32
		{E21A8F3F-2A98-4635-BFB5-E9B465E80047}.Release|x64.ActiveCfg = Release|x64
		{E21A8F3F-2A98-4635-BFB5-E9B465E80047}.Release|x64.Build.0 = Release|x64
		{E21A8F3F-2A98-4635-BFB5-E9B465E80047}.Release|x86.ActiveCfg = Release|Win32
		{E21A8F3F-2A98-4635-BFB5-E9B465E80047}.Release|x86.Build.0 = Release|Win32
		{FEF1F589-B8EC-49CA-B63D-1289B232DB8D}.Debug|x64.ActiveCfg = Debug|x64
		{FEF1F589-B8EC-49CA-B63D-1289B232DB8D}.Debug|x64.Build.0 = Debug|x64
		{FEF1F589-B8EC-49CA-B63D-1289B232DB8D}.Debug|x86.ActiveCfg = Debug|Win32
		{FEF1F589-B8EC-49CA-B63D-1289B232DB8D}.Debug|x86.Build.0 = Debug|Win32
		{FEF1F589-B8EC-49CA-B63D-1289B232DB8D}.Release|x64.ActiveCfg = Release|x64
		{FEF1F589-B8EC-49CA-B63D-1289B232DB8D}.Release|x64.Build.0 = Release|x64
		{FEF1F589-B8EC-49CA-B63D-1289B232DB8D}.Release|x86.ActiveCfg = Release|Win32
		{FEF1F589-B8EC-49CA-B63D-1289B232DB8D}.Release|x86.Build.0 = Release|Win32
		{64A84043-EA42-4F54-9C0B-7DB2C28FD475}.Debug|x64.ActiveCfg = Debug|x64
		{64A84043-EA42-4F54-9C0B-7DB2C28FD475}.Debug|x64.Build.0 = Debug|x64
		{64A84043-EA42-4F54-9C0B-7DB2C28FD475}.Debug|x86.ActiveCfg = Debug|Win32
		{64A84043-EA42-4F54-9C0B-7DB2C28FD475}.Debug|x86.Build.0 = Debug|Win32
		{64A84043-EA42-4F54-9C0B-7DB2C28FD475}.Release|x64.ActiveCfg = Release|x64
		{64A84043-EA42-4F54-9C0B-7DB2C28FD475}.Release|x64.Build.0 = Release|x64
		{64A84043-EA42-4F54-9C0B-7DB2C28FD475}.Release|x86.ActiveCfg = Release|Win32
		{64A84043-EA42-4F54-9C0B-7DB2C28FD475}.Release|x86.Build.0 = Release|Win32
		{AC363E2D-2AF6-4727-9ABF-978376A6C000}.Debug|x64.ActiveCfg = Debug|x64
		{AC363E2D-2AF6-4727-9ABF-978376A6C000}.Debug|x64.Build.0 = Debug|x64
		{AC363E2D-2AF6-4727-9ABF-978376A6C000}.Debug|x86.ActiveCfg = Debug|Win32
		{AC363E2D-2AF6-4727-9ABF-978376A6C000}.Debug|x86.Build.0 = Debug|Win32
		{AC363E2D-2AF6-4727-9ABF-978376A6C000}.Release|x64.ActiveCfg = Release|x64
		{AC363E2D-2AF6-4727-9ABF-978376A6C000}.Release|x64.Build.0 = Release|x64
		{AC363E2D-2AF6-4727-9ABF-978376A6C000}.Release|x86.ActiveCfg = Release|Win32
		{AC363E2D-2AF6-4727-9ABF-978376A6C000}.Release|x86.Build.0 = Release|Win32
		{BBC28BE3-11CB-467E-89DA-F354100A7E86}.Debug|x64.ActiveCfg = Debug|x64
		{BBC28BE3-11CB-467E-89DA-F354100A7E86}.Debug|x64.Build.0 = Debug|x64
		{BBC28BE3-11CB-467E-89DA-F354100A7E86}.Debug|x86.ActiveCfg = Debug|Win32
		{BBC28BE3-11CB-467E-89DA-F354100A7E86}.Debug|x86.Build.0 = Debug|Win32
		{BBC28BE3-11CB-467E-89DA-F354100A7E86}.Release|x64.ActiveCfg = Release|x64
		{BBC28BE3-11CB-467E-89DA-F354100A7E86}.Release|x64.Build.0 = Release|x64
		{BBC28BE3-11CB-467E-89DA-F354100A7E86}.Release|x86.ActiveCfg = Release|Win32
		{BBC28BE3-11CB-467E-89DA-F354100A7E86}.Release|x86.Build.0 = Release|Win32
		{5995482C-D4EB-464E-A336-CFB30975DF77}.Debug|x64.ActiveCfg = Debug|x64
		{5995482C-D4EB-464E-A336-CFB30975DF77}.Debug|x64.Build.0 = Debug|x64
		{5995482C-D4EB-464E-A336-CFB30975DF77}.Debug|x86.ActiveCfg = Debug|Win32
		{5995482C-D4EB-464E-A336-CFB30975DF77}.Debug|x86.Build.0 = Debug|Win32
		{5995482C-D4EB-464E-A336-CFB30975DF77}.Release|x64.ActiveCfg = Release|x64
		{5995482C-D4EB-464E-A336-CFB30975DF77}.Release|x64.Build.0 = Release|x64
		{5995482C-D4EB-464E-A336-CFB30975DF77}.Release|x86.ActiveCfg = Release|Win32
		{5995482C-D4EB-464E-A336-CFB30975DF77}.Release|x86.Build.0 = Release|Win32
		{8DE5B6D4-8A62-4479-8A3C-3DDB03AD5028}.Debug|x64.ActiveCfg = Debug|x64
		{8DE5B6D4-8A62-4479-8A3C-3DDB03AD5028}.Debug|x64.Build.0 = Debug|x64
		{8DE5B6D4-8A62-4479-8A3C-3DDB03AD5028}.Debug|x86.ActiveCfg = Debug|Win32
		{8DE5B6D4-8A62-4479-8A3C-3DDB03AD5028}.Debug|x86.Build.0 = Debug|Win32
		{8DE5B6D4-8A62-4479-8A3C-3DDB03AD5028}.Release|x64.ActiveCfg = Release|x64
		{8DE5B6D4-8A62-4479-8A3C-3DDB03AD5028}.Release|x64.Build.0 = Release|x64
		{8DE5B6D4-8A62-4479-8A3C-3DDB03AD5028}.Release|x86.ActiveCfg = Release|Win32
		{8DE5B6D4-8A62-4479-8A3C-3DDB03AD5028}.Release|x86.Build.0 = Release|Win32
		{3DE0F569-D9D0-4D7F-BD58-070D6DE87CEF}.Debug|x64.ActiveCfg = Debug|Win32
		{3DE0F569-D9D0-4D7F-BD58-070D6DE87CEF}.Debug|x86.ActiveCfg = Debug|Win32
		{3DE0F569-D9D0-4D7F-BD58-070D6DE87CEF}.Debug|x86.Build.0 = Debug|Win32
		{3DE0F569-D9D0-4D7F-BD58-070D6DE87CEF}.Release|x64.ActiveCfg = Release|Win32
		{3DE0F569-D9D0-4D7F-BD58-070D6DE87CEF}.Release|x86.ActiveCfg = Release|Win32
		{3DE0F569-D9D0-4D7F-BD58-070D6DE87CEF}.Release|x86.Build.0 = Release|Win32
		{3AAEFA1E-53F1-46E6-A777-77B4E8DCF62A}.Debug|x64.ActiveCfg = Debug|x64
		{3AAEFA1E-53F1-46E6-A777-77B4E8DCF62A}.Debug|x64.Build.0 = Debug|x64
		{3AAEFA1E-53F1-46E6-A777-77B4E8DCF62A}.Debug|x86.ActiveCfg = Debug|Win32
		{3AAEFA1E-53F1-46E6-A777-77B4E8DCF62A}.Debug|x86.Build.0 = Debug|Win32
		{3AAEFA1E-53F1-46E6-A777-77B4E8DCF62A}.Release|x64.ActiveCfg = Release|x64
		{3AAEFA1E-53F1-46E6-A777-77B4E8DCF62A}.Release|x64.Build.0 = Release|x64
		{3AAEFA1E-53F1-46E6-A777-77B4E8DCF62A}.Release|x86.ActiveCfg = Release|Win32
		{3AAEFA1E-53F1-46E6-A777-77B4E8DCF62A}.Release|x86.Build.0 = Release|Win32
		{D56887E8-2C92-4BBD-A284-2B9EF3CE043D}.Debug|x64.ActiveCfg = Debug|x64
		{D56887E8-2C92-4BBD-A284-2B9EF3CE043D}.Debug|x64.Build.0 = Debug|x64
		{D56887E8-2C92-4BBD-A284-2B9EF3CE043D}.Debug|x86.ActiveCfg = Debug|Win32
		{D56887E8-2C92-4BBD-A284-2B9EF3CE043D}.Debug|x86.Build.0 = Debug|Win32
		{D56887E8-2C92-4BBD-A284-2B9EF3CE043D}.Release|x64.ActiveCfg = Release|x64
		{D56887E8-2C92-4BBD-A284-2B9EF3CE043D}.Release|x64.Build.0 = Release|x64
		{D56887E8-2C92-4BBD-A284-2B9EF3CE043D}.Release|x86.ActiveCfg = Release|Win32
		{D56887E8-2C92-4BBD-A284-2B9EF3CE043D}.Release|x86.Build.0 = Release|Win32
		{401CB5EE-7665-43E9-BAB2-8ACC8A0032F5}.Debug|x64.ActiveCfg = Debug|x64
		{401CB5EE-7665-43E9-BAB2-8ACC8A0032F5}.Debug|x64.Build.0 = Debug|x64
		{401CB5EE-7665-43E9-BAB2-8ACC8A0032F5}.Debug|x86.ActiveCfg = Debug|Win32
		{401CB5EE-7665-43E9-BAB2-8ACC8A0032F5}.Debug|x86.Build.0 = Debug|Win32
		{401CB5EE-7665-43E9-BAB2-8ACC8A0032F5}.Release|x64.ActiveCfg = Release|x64
		{401CB5EE-7665-43E9-BAB2-8ACC8A0032F5}.Release|x64.Build.0 = Release|x64
		{401CB5EE-7665-43E9-BAB2-8ACC8A0032F5}.Release|x86.ActiveCfg = Release|Win32
		{401CB5EE-7665-43E9-BAB2-8ACC8A0032F5}.Release|x86.Build.0 = Release|Win32
		{E11281B9-4665-4383-9F6D-133EFA22007C}.Debug|x64.ActiveCfg = Debug|x64
		{E11281B9-4665-4383-9F6D-133EFA22007C}.Debug|x64.Build.0 = Debug|x64
		{E11281B9-4665-4383-9F6D-133EFA22007C}.Debug|x86.ActiveCfg = Debug|Win32
		{E11281B9-4665-4383-9F6D-133EFA22007C}.Debug|x86.Build.0 = Debug|Win32
		{E11281B9-4665-4383-9F6D-133EFA22007C}.Release|x64.ActiveCfg = Release|x64
		{E11281B9-4665-4383-9F6D-133EFA22007C}.Release|x64.Build.0 = Release|x64
		{E11281B9-4665-4383-9F6D-133EFA22007C}.Release|x86.ActiveCfg = Release|Win32
		{E11281B9-4665-4383-9F6D-133EFA22007C}.Release|x86.Build.0 = Release|Win32
		{12501425-79CF-4EA0-A73D-2F3FD74AF2CE}.Debug|x64.ActiveCfg = Debug|x64
		{12501425-79CF-4EA0-A73D-2F3FD74AF2CE}.Debug|x64.Build.0 = Debug|x64
		{12501425-79CF-4EA0-A73D-2F3FD74AF2CE}.Debug|x86.ActiveCfg = Debug|Win32
		{12501425-79CF-4EA0-A73D-2F3FD74AF2CE}.Debug|x86.Build.0 = Debug|Win32
		{12501425-79CF-4EA0-A73D-2F3FD74AF2CE}.Release|x64.ActiveCfg = Release|x64
		{12501425-79CF-4EA0-A73D-2F3FD74AF2CE}.Release|x64.Build.0 = Release|x64
		{12501425-79CF-4EA0-A73D-2F3FD74AF2CE}.Release|x86.ActiveCfg = Release|Win32
		{12501425-79CF-4EA0-A73D-2F3FD74AF2CE}.Release|x86.Build.0 = Release|Win32
		{24E1A88B-2959-4DC3-A3C4-F6AC43DBE984}.Debug|x64.ActiveCfg = Debug|x64
		{24E1A88B-2959-4DC3-A3C4-F6AC43DBE984}.Debug|x64.Build.0 = Debug|x64
		{24E1A88B-2959-4DC3-A3C4-F6AC43DBE984}.Debug|x86.ActiveCfg = Debug|Win32
		{24E1A88B-2959-4DC3-A3C4-F6AC43DBE984}.Debug|x86.Build.0 = Debug|Win32
		{24E1A88B-2959-4DC3-A3C4-F6AC43DBE984}.Release|x64.ActiveCfg = Release|x64
		{24E1A88B-2959-4DC3-A3C4-F6AC43DBE984}.Release|x64.Build.0 = Release|x64
		{24E1A88B-2959-4DC3-A3C4-F6AC43DBE984}.Release|x86.ActiveCfg = Release|Win32
		{24E1A88B-2959-4DC3-A3C4-F6AC43DBE984}.Release|x86.Build.0 = Release|Win32
		{14E95462-A0E2-4D64-9DCB-03DB16CCCB97}.Debug|x64.ActiveCfg = Debug|x64
		{14E95462-A0E2-4D64-9DCB-03DB16CCCB97}.Debug|x64.Build.0 = Debug|x64
		{14E95462-A0E2-4D64-9DCB-03DB16CCCB97}.Debug|x86.ActiveCfg = Debug|Win32
		{14E95462-A0E2-4D64-9DCB-03DB16CCCB97}.Debug|x86.Build.0 = Debug|Win32
		{14E95462-A0E2-4D64-9DCB-03DB16CCCB97}.Release|x64.ActiveCfg = Release|x64
		{14E95462-A0E2-4D64-9DCB-03DB16CCCB97}.Release|x64.Build.0 = Release|x64
		{14E95462-A0E2-4D64-9DCB-03DB16CCCB97}.Release|x86.ActiveCfg = Release|Win32
		{14E95462-A0E2-4D64-9DCB-03DB16CCCB97}.Release|x86.Build.0 = Release|Win32
		{7568CBE5-229B-4E24-897D-93B724CFCA09}.Debug|x64.ActiveCfg = Debug|x64
		{7568CBE5-229B-4E24-897D-93B724CFCA09}.Debug|x64.Build.0 = Debug|x64
		{7568CBE5-229B-4E24-897D-93B724CFCA09}.Debug|x86.ActiveCfg = Debug|Win32
		{7568CBE5-229B-4E24-897D-93B724CFCA09}.Debug|x86.Build.0 = Debug|Win32
		{7568CBE5-229B-4E24-897D-93B724CFCA09}.Release|x64.ActiveCfg = Release|x64
		{7568CBE5-229B-4E24-897D-93B724CFCA09}.Release|x64.Build.0 = Release|x64
		{7568CBE5-229B-4E24-897D-93B724CFCA09}.Release|x86.ActiveCfg = Release|Win32
		{7568CBE5-229B-4E24-897D-93B724CFCA09}.Release|x86.Build.0 = Release|Win32
		{97B38C57-16C6-4C34-B03C-8BD03AE3BF5F}.Debug|x64.ActiveCfg = Debug|x64
		{97B38C57-16C6-4C34-B03C-8BD03AE3BF5F}.Debug|x64.Build.0 = Debug|x64
		{97B38C57-16C6-4C34-B03C-8BD03AE3BF5F}.Debug|x86.ActiveCfg = Debug|Win32
		{97B38C57-16C6-4C34-B03C-8BD03AE3BF5F}.Debug|x86.Build.0 = Debug|Win32
		{97B38C57-16C6-4C34-B03C-8BD03AE3BF5F}.Release|x64.ActiveCfg = Release|x64
		{97B38C57-16C6-4C34-B03C-8BD03AE3BF5F}.Release|x64.Build.0 = Release|x64
		{97B38C57-16C6-4C34-B03C-8BD03AE3BF5F}.Release|x86.ActiveCfg = Release|Win32
		{97B38C57-16C6-4C34-B03C-8BD03AE3BF5F}.Release|x86.Build.0 = Release|Win32
		{EE4CDF48-AD1B-4B5C-88E6-8679A8EEBAB0}.Debug|x64.ActiveCfg = Debug|x64
		{EE4CDF48-AD1B-4B5C-88E6-8679A8EEBAB0}.Debug|x64.Build.0 = Debug|x64
		{EE4CDF48-AD1B-4B5C-88E6-8679A8EEBAB0}.Debug|x86.ActiveCfg = Debug|Win32
		{EE4CDF48-AD1B-4B5C-88E6-8679A8EEBAB0}.Debug|x86.Build.0 = Debug|Win32
		{EE4CDF48-AD1B-4B5C-88E6-8679A8EEBAB0}.Release|x64.ActiveCfg = Release|x64
		{EE4CDF48-AD1B-4B5C-88E6-8679A8EEBAB0}.Release|x64.Build.0 = Release|x64
		{EE4CDF48-AD1B-4B5C-88E6-8679A8EEBAB0}.Release|x86.ActiveCfg = Release|Win32
		{EE4CDF48-AD1B-4B5C-88E6-8679A8EEBAB0}.Release|x86.Build.0 = Release|Win32
		{7897E0CB-33EC-469E-90B8-BA2DAFC269CB}.Debug|x64.ActiveCfg = Debug|x64
		{7897E0CB-33EC-469E-90B8-BA2DAFC269CB}.Debug|x64.Build.0 = Debug|x64
		{7897E0CB-33EC-469E-90B8-BA2DAFC269CB}.Debug|x86.ActiveCfg = Debug|Win32
		{7897E0CB-33EC-469E-90B8-BA2DAFC269CB}.Debug|x86.Build.0 = Debug|Win32
		{7897E0CB-33EC-469E-90B8-BA2DAFC269CB}.Release|x64.ActiveCfg = Release|x64
		{7897E0CB-33EC-469E-90B8-BA2DAFC269CB}.Release|x64.Build.0 = Release|x64
		{7897E0CB-33EC-469E-90B8-BA2DAFC269CB}.Release|x86.ActiveCfg = Release|Win32
		{7897E0CB-33EC-469E-90B8-BA2DAFC269CB}.Release|x86.Build.0 = Release|Win32
		{BE0D8B34-7CCF-43A5-B41E-4A4E2F5AC6B9}.Debug|x64.ActiveCfg = Debug|x64
		{BE0D8B34-7CCF-43A5-B41E-4A4E2F5AC6B9}.Debug|x64.Build.0 = Debug|x64
		{BE0D8B34-7CCF-43A5-B41E-4A4E2F5AC6B9}.Debug|x86.ActiveCfg = Debug|Win32
		{BE0D8B34-7CCF-43A5-B41E-4A4E2F5AC6B9}.Debug|x86.Build.0 = Debug|Win32
		{BE0D8B34-7CCF-43A5-B41E-4A4E2F5AC6B9}.Release|x64.ActiveCfg = Release|x64
		{BE0D8B34-7CCF-43A5-B41E-4A4E2F5AC6B9}.Release|x64.Build.0 = Release|x64
		{BE0D8B34-7CCF-43A5-B41E-4A4E2F5AC6B9}.Release|x86.ActiveCfg = Release|Win32
		{BE0D8B34-7CCF-43A5-B41E-4A4E2F5AC6B9}.Release|x86.Build.0 = Release|Win32
		{9F048E8B-8B99-4539-9AE6-852B10F12414}.Debug|x64.ActiveCfg = Debug|x64
		{9F048E8B-8B99-4539-9AE6-852B10F12414}.Debug|x64.Build.0 = Debug|x64
		{9F048E8B-8B99-4539-9AE6-852B10F12414}.Debug|x86.ActiveCfg = Debug|Win32
		{9F048E8B-8B99-4539-9AE6-852B10F12414}.Debug|x86.Build.0 = Debug|Win32
		{9F048E8B-8B99-4539-9AE6-852B10F12414}.Release|x64.ActiveCfg = Release|x64
		{9F048E8B-8B99-4539-9AE6-852B10F12414}.Release|x64.Build.0 = Release|x64
		{9F048E8B-8B99-4539-9AE6-852B10F12414}.Release|x86.ActiveCfg = Release|Win32
		{9F048E8B-8B99-4539-9AE6-852B10F12414}.Release|x86.Build.0 = Release|Win32
		{B2F8ACFC-564A-4F97-9AF0-A1B142E05E94}.Debug|x64.ActiveCfg = Debug|x64
		{B2F8ACFC-564A-4F97-9AF0-A1B142E05E94}.Debug|x64.Build.0 = Debug|x64
		{B2F8ACFC-564A-4F97-9AF0-A1B142E05E94}.Debug|x86.ActiveCfg = Debug|Win32
		{B2F8ACFC-564A-4F97-9AF0-A1B142E05E94}.Debug|x86.Build.0 = Debug|Win32
		{B2F8ACFC-564A-4F97-9AF0-A1B142E05E94}.Release|x64.ActiveCfg = Release|x64
		{B2F8ACFC-564A-4F97-9AF0-A1B142E05E94}.Release|x64.Build.0 = Release|x64
		{B2F8ACFC-564A-4F97-9AF0-A1B142E05E94}.Release|x86.ActiveCfg = Release|Win32
		{B2F8ACFC-564A-4F97-9AF0-A1B142E05E94}.Release|x86.Build.0 = Release|Win32
		{E85D35D4-D582-4791-BC02-99FB75A0B028}.Debug|x64.ActiveCfg = Debug|x64
		{E85D35D4-D582-4791-BC02-99FB75A0B028}.Debug|x64.Build.0 = Debug|x64
		{E85D35D4-D582-4791-BC02-99FB75A0B028}.Debug|x86.ActiveCfg = Debug|Win32
		{E85D35D4-D582-4791-BC02-99FB75A0B028}.Debug|x86.Build.0 = Debug|Win32
		{E85D35D4-D582-4791-BC02-99FB75A0B028}.Release|x64.ActiveCfg = Release|x64
		{E85D35D4-D582-4791-BC02-99FB75A0B028}.Release|x64.Build.0 = Release|x64
		{E85D35D4-D582-4791-BC02-99FB75A0B028}.Release|x86.ActiveCfg = Release|Win32
		{E85D35D4-D582-4791-BC02-99FB75A0B028}.Release|x86.Build.0 = Release|Win32
		{E9365F6B-3199-4748-9EFD-F65A7113FE57}.Debug|x64.ActiveCfg = Debug|x64
		{E9365F6B-3199-4748-9EFD-F65A7113FE57}.Debug|x64.Build.0 = Debug|x64
		{E9365F6B-3199-4748-9EFD-F65A7113FE57}.Debug|x86.ActiveCfg = Debug|Win32
		{E9365F6B-3199-4748-9EFD-F65A7113FE57}.Debug|x86.Build.0 = Debug|Win32
		{E9365F6B-3199-4748-9EFD-F65A7113FE57}.Release|x64.ActiveCfg = Release|x64
		{E9365F6B-3199-4748-9EFD-F65A7113FE57}.Release|x64.Build.0 = Release|x64
		{E9365F6B-3199-4748-9EFD-F65A7113FE57}.Release|x86.ActiveCfg = Release|Win32
		{E9365F6B-3199-4748-9EFD-F65A7113FE57}.Release|x86.Build.0 = Release|Win32
		{C407B8D7-B4CA-4464-8178-85F48A99AA16}.Debug|x64.ActiveCfg = Debug|x64
		{C407B8D7-B4CA-4464-8178-85F48A99AA16}.Debug|x64.Build.0 = Debug|x64
		{C407B8D7-B4CA-4464-8178-85F48A99AA16}.Debug|x86.ActiveCfg = Debug|Win32
		{C407B8D7-B4CA-4464-8178-85F48A99AA16}.Debug|x86.Build.0 = Debug|Win32
		{C407B8D7-B4CA-4464-8178-85F48A99AA16}.Release|x64.ActiveCfg = Release|x64
		{C407B8D7-B4CA-4464-8178-85F48A99AA16}.Release|x64.Build.0 = Release|x64
		{C407B8D7-B4CA-4464-8178-85F48A99AA16}.Release|x86.ActiveCfg = Release|Win32
		{C407B8D7-B4CA-4464-8178-85F48A99AA16}.Release|x86.Build.0 = Release|Win32
		{A9548D9E-BC70-4940-863B-4FC8537289B8}.Debug|x64.ActiveCfg = Debug|x64
		{A9548D9E-BC70-4940-863B-4FC8537289B8}.Debug|x64.Build.0 = Debug|x64
		{A9548D9E-BC70-4940-863B-4FC8537289B8}.Debug|x86.ActiveCfg = Debug|Win32
		{A9548D9E-BC70-4940-863B-4FC8537289B8}.Debug|x86.Build.0 = Debug|Win32
		{A9548D9E-BC70-4940-863B-4FC8537289B8}.Release|x64.ActiveCfg = Release|x64
		{A9548D9E-BC70-4940-863B-4FC8537289B8}.Release|x64.Build.0 = Release|x64
		{A9548D9E-BC70-4940-863B-4FC8537289B8}.Release|x86.ActiveCfg = Release|Win32
		{A9548D9E-BC70-4940-863B-4FC8537289B8}.Release|x86.Build.0 = Release|Win32
		{18B34955-4E61-4EC0-9C91-14D8F8C34EC0}.Debug|x64.ActiveCfg = Debug|x64
		{18B34955-4E61-4EC0-9C91-14D8F8C34EC0}.Debug|x64.Build.0 = Debug|x64
		{18B34955-4E61-4EC0-9C91-14D8F8C34EC0}.Debug|x86.ActiveCfg = Debug|Win32
		{18B34955-4E61-4EC0-9C91-14D8F8C34EC0}.Debug|x86.Build.0 = Debug|Win32
		{18B34955-4E61-4EC0-9C91-14D8F8C34EC0}.Release|x64.ActiveCfg = Release|x64
		{18B34955-4E61-4EC0-9C91-14D8F8C34EC0}.Release|x64.Build.0 = Release|x64
		{18B34955-4E61-4EC0-9C91-14D8F8C34EC0}.Release|x86.ActiveCfg = Release|Win32
		{18B34955-4E61-4EC0-9C91-14D8F8C34EC0}.Release|x86.Build.0 = Release|Win32
	EndGlobalSection
	GlobalSection(SolutionProperties) = preSolution
		HideSolutionNode = FALSE
	EndGlobalSection
	GlobalSection(ExtensibilityGlobals) = postSolution
		SolutionGuid = {728E08C1-3FB2-4D93-836D-EC4787A8B0C3}
	EndGlobalSection
EndGlobal
